Microsoft Visual Studio Solution File, Format Version 11.00
# Visual Studio 2010
Project("{8B4B8961-61A2-4C8A-B9F3-5D1C31150C0F}") = "scummvm", "scummvm.vcxproj", "{DC45F7FB-1517-4600-A3F5-C4DE33EF1044}"
EndProject
Project("{8B4B8961-61A2-4C8A-B9F3-5D1C31150C0F}") = "agi", "agi.vcxproj", "{67B3DF8E-A6B4-472E-897A-9576BC05219D}"
EndProject
Project("{8B4B8961-61A2-4C8A-B9F3-5D1C31150C0F}") = "agos", "agos.vcxproj", "{2AD2C8D1-F47B-4D6E-A1C7-8810C3B0692B}"
EndProject
Project("{8B4B8961-61A2-4C8A-B9F3-5D1C31150C0F}") = "cine", "cine.vcxproj", "{644ABA0C-00B2-4AC9-ADD0-41E9D6628802}"
EndProject
Project("{8B4B8961-61A2-4C8A-B9F3-5D1C31150C0F}") = "cruise", "cruise.vcxproj", "{3551D32B-CDF0-49AF-B923-C07DD42BA93A}"
EndProject
Project("{8B4B8961-61A2-4C8A-B9F3-5D1C31150C0F}") = "draci", "draci.vcxproj", "{75644675-1781-4F45-9381-302AE3B82C19}"
EndProject
Project("{8B4B8961-61A2-4C8A-B9F3-5D1C31150C0F}") = "drascula", "drascula.vcxproj", "{0A0144D7-F1DE-48AB-8349-2AD774D413EA}"
EndProject
Project("{8B4B8961-61A2-4C8A-B9F3-5D1C31150C0F}") = "gob", "gob.vcxproj", "{39596151-DBA1-472F-A3C7-5A078087218A}"
EndProject
Project("{8B4B8961-61A2-4C8A-B9F3-5D1C31150C0F}") = "groovie", "groovie.vcxproj", "{8866637A-46EB-4749-B652-22AB27359661}"
EndProject
Project("{8B4B8961-61A2-4C8A-B9F3-5D1C31150C0F}") = "hugo", "hugo.vcxproj", "{8FF7B36C-9A4B-4CBD-94F6-C5947FE62008}"
EndProject
Project("{8B4B8961-61A2-4C8A-B9F3-5D1C31150C0F}") = "kyra", "kyra.vcxproj", "{4E838394-6FAB-4EA5-BD02-522637E888C7}"
EndProject
Project("{8B4B8961-61A2-4C8A-B9F3-5D1C31150C0F}") = "lure", "lure.vcxproj", "{E13D357C-89D1-4B9D-8901-3249E8525138}"
EndProject
Project("{8B4B8961-61A2-4C8A-B9F3-5D1C31150C0F}") = "made", "made.vcxproj", "{D5D4CC46-81AC-4C7F-AE3F-A6E62930AF0B}"
EndProject
Project("{8B4B8961-61A2-4C8A-B9F3-5D1C31150C0F}") = "mohawk", "mohawk.vcxproj", "{6DE488F6-B6C3-4481-85C7-CAAF1A1DE7F0}"
EndProject
Project("{8B4B8961-61A2-4C8A-B9F3-5D1C31150C0F}") = "parallaction", "parallaction.vcxproj", "{F2B53874-6226-4411-A59B-F88FCCA89A3A}"
EndProject
Project("{8B4B8961-61A2-4C8A-B9F3-5D1C31150C0F}") = "queen", "queen.vcxproj", "{8D243245-E8C7-46AE-8F92-5FAAAF479CA2}"
EndProject
Project("{8B4B8961-61A2-4C8A-B9F3-5D1C31150C0F}") = "saga", "saga.vcxproj", "{FCD4175F-FA0C-4161-A86B-F075148CB0A2}"
EndProject
Project("{8B4B8961-61A2-4C8A-B9F3-5D1C31150C0F}") = "sci", "sci.vcxproj", "{B1E3E79A-ABAF-4A3C-82A9-E7F1F08495EE}"
EndProject
Project("{8B4B8961-61A2-4C8A-B9F3-5D1C31150C0F}") = "scumm", "scumm.vcxproj", "{E024B02A-A622-424B-B865-AA192EFB2859}"
EndProject
Project("{8B4B8961-61A2-4C8A-B9F3-5D1C31150C0F}") = "sky", "sky.vcxproj", "{5AAC4F56-B9C0-4863-ADAA-D941388BE3E9}"
EndProject
Project("{8B4B8961-61A2-4C8A-B9F3-5D1C31150C0F}") = "sword1", "sword1.vcxproj", "{6FCC841C-7CCE-49BF-B841-B26AC6485922}"
EndProject
Project("{8B4B8961-61A2-4C8A-B9F3-5D1C31150C0F}") = "sword2", "sword2.vcxproj", "{F4A879AF-6A32-4397-9DEC-D91678BE01E8}"
EndProject
Project("{8B4B8961-61A2-4C8A-B9F3-5D1C31150C0F}") = "teenagent", "teenagent.vcxproj", "{8B850509-555F-48CE-A07B-3968C4938BB9}"
EndProject
Project("{8B4B8961-61A2-4C8A-B9F3-5D1C31150C0F}") = "tinsel", "tinsel.vcxproj", "{3D056AA7-387D-4016-AB1B-2DE3D92ECD66}"
EndProject
Project("{8B4B8961-61A2-4C8A-B9F3-5D1C31150C0F}") = "toon", "toon.vcxproj", "{B4D36F0A-3339-49D4-B514-3D7AA7C835E4}"
EndProject
Project("{8B4B8961-61A2-4C8A-B9F3-5D1C31150C0F}") = "touche", "touche.vcxproj", "{CE9F8D07-1ECE-4E89-A94C-6EC47B3D2B30}"
EndProject
Project("{8B4B8961-61A2-4C8A-B9F3-5D1C31150C0F}") = "tucker", "tucker.vcxproj", "{119A3B44-D415-498B-A957-07D1213CB7EF}"
EndProject
Global
	GlobalSection(SolutionConfigurationPlatforms) = preSolution
		Debug|Win32 = Debug|Win32
		Analysis|Win32 = Analysis|Win32
		Release|Win32 = Release|Win32
		Debug|x64 = Debug|x64
		Analysis|x64 = Analysis|x64
		Release|x64 = Release|x64
	EndGlobalSection
	GlobalSection(ProjectConfigurationPlatforms) = postSolution
		{67B3DF8E-A6B4-472E-897A-9576BC05219D}.Debug|Win32.ActiveCfg = Debug|Win32
		{67B3DF8E-A6B4-472E-897A-9576BC05219D}.Debug|Win32.Build.0 = Debug|Win32
		{67B3DF8E-A6B4-472E-897A-9576BC05219D}.Analysis|Win32.ActiveCfg = Analysis|Win32
		{67B3DF8E-A6B4-472E-897A-9576BC05219D}.Analysis|Win32.Build.0 = Analysis|Win32
		{67B3DF8E-A6B4-472E-897A-9576BC05219D}.Release|Win32.ActiveCfg = Release|Win32
		{67B3DF8E-A6B4-472E-897A-9576BC05219D}.Release|Win32.Build.0 = Release|Win32
		{67B3DF8E-A6B4-472E-897A-9576BC05219D}.Debug|x64.ActiveCfg = Debug|x64
		{67B3DF8E-A6B4-472E-897A-9576BC05219D}.Debug|x64.Build.0 = Debug|x64
		{67B3DF8E-A6B4-472E-897A-9576BC05219D}.Analysis|x64.ActiveCfg = Analysis|x64
		{67B3DF8E-A6B4-472E-897A-9576BC05219D}.Analysis|x64.Build.0 = Analysis|x64
		{67B3DF8E-A6B4-472E-897A-9576BC05219D}.Release|x64.ActiveCfg = Release|x64
		{67B3DF8E-A6B4-472E-897A-9576BC05219D}.Release|x64.Build.0 = Release|x64
		{2AD2C8D1-F47B-4D6E-A1C7-8810C3B0692B}.Debug|Win32.ActiveCfg = Debug|Win32
		{2AD2C8D1-F47B-4D6E-A1C7-8810C3B0692B}.Debug|Win32.Build.0 = Debug|Win32
		{2AD2C8D1-F47B-4D6E-A1C7-8810C3B0692B}.Analysis|Win32.ActiveCfg = Analysis|Win32
		{2AD2C8D1-F47B-4D6E-A1C7-8810C3B0692B}.Analysis|Win32.Build.0 = Analysis|Win32
		{2AD2C8D1-F47B-4D6E-A1C7-8810C3B0692B}.Release|Win32.ActiveCfg = Release|Win32
		{2AD2C8D1-F47B-4D6E-A1C7-8810C3B0692B}.Release|Win32.Build.0 = Release|Win32
		{2AD2C8D1-F47B-4D6E-A1C7-8810C3B0692B}.Debug|x64.ActiveCfg = Debug|x64
		{2AD2C8D1-F47B-4D6E-A1C7-8810C3B0692B}.Debug|x64.Build.0 = Debug|x64
		{2AD2C8D1-F47B-4D6E-A1C7-8810C3B0692B}.Analysis|x64.ActiveCfg = Analysis|x64
		{2AD2C8D1-F47B-4D6E-A1C7-8810C3B0692B}.Analysis|x64.Build.0 = Analysis|x64
		{2AD2C8D1-F47B-4D6E-A1C7-8810C3B0692B}.Release|x64.ActiveCfg = Release|x64
		{2AD2C8D1-F47B-4D6E-A1C7-8810C3B0692B}.Release|x64.Build.0 = Release|x64
		{644ABA0C-00B2-4AC9-ADD0-41E9D6628802}.Debug|Win32.ActiveCfg = Debug|Win32
		{644ABA0C-00B2-4AC9-ADD0-41E9D6628802}.Debug|Win32.Build.0 = Debug|Win32
		{644ABA0C-00B2-4AC9-ADD0-41E9D6628802}.Analysis|Win32.ActiveCfg = Analysis|Win32
		{644ABA0C-00B2-4AC9-ADD0-41E9D6628802}.Analysis|Win32.Build.0 = Analysis|Win32
		{644ABA0C-00B2-4AC9-ADD0-41E9D6628802}.Release|Win32.ActiveCfg = Release|Win32
		{644ABA0C-00B2-4AC9-ADD0-41E9D6628802}.Release|Win32.Build.0 = Release|Win32
		{644ABA0C-00B2-4AC9-ADD0-41E9D6628802}.Debug|x64.ActiveCfg = Debug|x64
		{644ABA0C-00B2-4AC9-ADD0-41E9D6628802}.Debug|x64.Build.0 = Debug|x64
		{644ABA0C-00B2-4AC9-ADD0-41E9D6628802}.Analysis|x64.ActiveCfg = Analysis|x64
		{644ABA0C-00B2-4AC9-ADD0-41E9D6628802}.Analysis|x64.Build.0 = Analysis|x64
		{644ABA0C-00B2-4AC9-ADD0-41E9D6628802}.Release|x64.ActiveCfg = Release|x64
		{644ABA0C-00B2-4AC9-ADD0-41E9D6628802}.Release|x64.Build.0 = Release|x64
		{3551D32B-CDF0-49AF-B923-C07DD42BA93A}.Debug|Win32.ActiveCfg = Debug|Win32
		{3551D32B-CDF0-49AF-B923-C07DD42BA93A}.Debug|Win32.Build.0 = Debug|Win32
		{3551D32B-CDF0-49AF-B923-C07DD42BA93A}.Analysis|Win32.ActiveCfg = Analysis|Win32
		{3551D32B-CDF0-49AF-B923-C07DD42BA93A}.Analysis|Win32.Build.0 = Analysis|Win32
		{3551D32B-CDF0-49AF-B923-C07DD42BA93A}.Release|Win32.ActiveCfg = Release|Win32
		{3551D32B-CDF0-49AF-B923-C07DD42BA93A}.Release|Win32.Build.0 = Release|Win32
		{3551D32B-CDF0-49AF-B923-C07DD42BA93A}.Debug|x64.ActiveCfg = Debug|x64
		{3551D32B-CDF0-49AF-B923-C07DD42BA93A}.Debug|x64.Build.0 = Debug|x64
		{3551D32B-CDF0-49AF-B923-C07DD42BA93A}.Analysis|x64.ActiveCfg = Analysis|x64
		{3551D32B-CDF0-49AF-B923-C07DD42BA93A}.Analysis|x64.Build.0 = Analysis|x64
		{3551D32B-CDF0-49AF-B923-C07DD42BA93A}.Release|x64.ActiveCfg = Release|x64
		{3551D32B-CDF0-49AF-B923-C07DD42BA93A}.Release|x64.Build.0 = Release|x64
		{75644675-1781-4F45-9381-302AE3B82C19}.Debug|Win32.ActiveCfg = Debug|Win32
		{75644675-1781-4F45-9381-302AE3B82C19}.Debug|Win32.Build.0 = Debug|Win32
		{75644675-1781-4F45-9381-302AE3B82C19}.Analysis|Win32.ActiveCfg = Analysis|Win32
		{75644675-1781-4F45-9381-302AE3B82C19}.Analysis|Win32.Build.0 = Analysis|Win32
		{75644675-1781-4F45-9381-302AE3B82C19}.Release|Win32.ActiveCfg = Release|Win32
		{75644675-1781-4F45-9381-302AE3B82C19}.Release|Win32.Build.0 = Release|Win32
		{75644675-1781-4F45-9381-302AE3B82C19}.Debug|x64.ActiveCfg = Debug|x64
		{75644675-1781-4F45-9381-302AE3B82C19}.Debug|x64.Build.0 = Debug|x64
		{75644675-1781-4F45-9381-302AE3B82C19}.Analysis|x64.ActiveCfg = Analysis|x64
		{75644675-1781-4F45-9381-302AE3B82C19}.Analysis|x64.Build.0 = Analysis|x64
		{75644675-1781-4F45-9381-302AE3B82C19}.Release|x64.ActiveCfg = Release|x64
		{75644675-1781-4F45-9381-302AE3B82C19}.Release|x64.Build.0 = Release|x64
		{0A0144D7-F1DE-48AB-8349-2AD774D413EA}.Debug|Win32.ActiveCfg = Debug|Win32
		{0A0144D7-F1DE-48AB-8349-2AD774D413EA}.Debug|Win32.Build.0 = Debug|Win32
		{0A0144D7-F1DE-48AB-8349-2AD774D413EA}.Analysis|Win32.ActiveCfg = Analysis|Win32
		{0A0144D7-F1DE-48AB-8349-2AD774D413EA}.Analysis|Win32.Build.0 = Analysis|Win32
		{0A0144D7-F1DE-48AB-8349-2AD774D413EA}.Release|Win32.ActiveCfg = Release|Win32
		{0A0144D7-F1DE-48AB-8349-2AD774D413EA}.Release|Win32.Build.0 = Release|Win32
		{0A0144D7-F1DE-48AB-8349-2AD774D413EA}.Debug|x64.ActiveCfg = Debug|x64
		{0A0144D7-F1DE-48AB-8349-2AD774D413EA}.Debug|x64.Build.0 = Debug|x64
		{0A0144D7-F1DE-48AB-8349-2AD774D413EA}.Analysis|x64.ActiveCfg = Analysis|x64
		{0A0144D7-F1DE-48AB-8349-2AD774D413EA}.Analysis|x64.Build.0 = Analysis|x64
		{0A0144D7-F1DE-48AB-8349-2AD774D413EA}.Release|x64.ActiveCfg = Release|x64
		{0A0144D7-F1DE-48AB-8349-2AD774D413EA}.Release|x64.Build.0 = Release|x64
		{39596151-DBA1-472F-A3C7-5A078087218A}.Debug|Win32.ActiveCfg = Debug|Win32
		{39596151-DBA1-472F-A3C7-5A078087218A}.Debug|Win32.Build.0 = Debug|Win32
		{39596151-DBA1-472F-A3C7-5A078087218A}.Analysis|Win32.ActiveCfg = Analysis|Win32
		{39596151-DBA1-472F-A3C7-5A078087218A}.Analysis|Win32.Build.0 = Analysis|Win32
		{39596151-DBA1-472F-A3C7-5A078087218A}.Release|Win32.ActiveCfg = Release|Win32
		{39596151-DBA1-472F-A3C7-5A078087218A}.Release|Win32.Build.0 = Release|Win32
		{39596151-DBA1-472F-A3C7-5A078087218A}.Debug|x64.ActiveCfg = Debug|x64
		{39596151-DBA1-472F-A3C7-5A078087218A}.Debug|x64.Build.0 = Debug|x64
		{39596151-DBA1-472F-A3C7-5A078087218A}.Analysis|x64.ActiveCfg = Analysis|x64
		{39596151-DBA1-472F-A3C7-5A078087218A}.Analysis|x64.Build.0 = Analysis|x64
		{39596151-DBA1-472F-A3C7-5A078087218A}.Release|x64.ActiveCfg = Release|x64
		{39596151-DBA1-472F-A3C7-5A078087218A}.Release|x64.Build.0 = Release|x64
		{8866637A-46EB-4749-B652-22AB27359661}.Debug|Win32.ActiveCfg = Debug|Win32
		{8866637A-46EB-4749-B652-22AB27359661}.Debug|Win32.Build.0 = Debug|Win32
		{8866637A-46EB-4749-B652-22AB27359661}.Analysis|Win32.ActiveCfg = Analysis|Win32
		{8866637A-46EB-4749-B652-22AB27359661}.Analysis|Win32.Build.0 = Analysis|Win32
		{8866637A-46EB-4749-B652-22AB27359661}.Release|Win32.ActiveCfg = Release|Win32
		{8866637A-46EB-4749-B652-22AB27359661}.Release|Win32.Build.0 = Release|Win32
		{8866637A-46EB-4749-B652-22AB27359661}.Debug|x64.ActiveCfg = Debug|x64
		{8866637A-46EB-4749-B652-22AB27359661}.Debug|x64.Build.0 = Debug|x64
		{8866637A-46EB-4749-B652-22AB27359661}.Analysis|x64.ActiveCfg = Analysis|x64
		{8866637A-46EB-4749-B652-22AB27359661}.Analysis|x64.Build.0 = Analysis|x64
		{8866637A-46EB-4749-B652-22AB27359661}.Release|x64.ActiveCfg = Release|x64
		{8866637A-46EB-4749-B652-22AB27359661}.Release|x64.Build.0 = Release|x64
		{8FF7B36C-9A4B-4CBD-94F6-C5947FE62008}.Debug|Win32.ActiveCfg = Debug|Win32
		{8FF7B36C-9A4B-4CBD-94F6-C5947FE62008}.Debug|Win32.Build.0 = Debug|Win32
		{8FF7B36C-9A4B-4CBD-94F6-C5947FE62008}.Analysis|Win32.ActiveCfg = Analysis|Win32
		{8FF7B36C-9A4B-4CBD-94F6-C5947FE62008}.Analysis|Win32.Build.0 = Analysis|Win32
		{8FF7B36C-9A4B-4CBD-94F6-C5947FE62008}.Release|Win32.ActiveCfg = Release|Win32
		{8FF7B36C-9A4B-4CBD-94F6-C5947FE62008}.Release|Win32.Build.0 = Release|Win32
		{8FF7B36C-9A4B-4CBD-94F6-C5947FE62008}.Debug|x64.ActiveCfg = Debug|x64
		{8FF7B36C-9A4B-4CBD-94F6-C5947FE62008}.Debug|x64.Build.0 = Debug|x64
		{8FF7B36C-9A4B-4CBD-94F6-C5947FE62008}.Analysis|x64.ActiveCfg = Analysis|x64
		{8FF7B36C-9A4B-4CBD-94F6-C5947FE62008}.Analysis|x64.Build.0 = Analysis|x64
		{8FF7B36C-9A4B-4CBD-94F6-C5947FE62008}.Release|x64.ActiveCfg = Release|x64
		{8FF7B36C-9A4B-4CBD-94F6-C5947FE62008}.Release|x64.Build.0 = Release|x64
		{4E838394-6FAB-4EA5-BD02-522637E888C7}.Debug|Win32.ActiveCfg = Debug|Win32
		{4E838394-6FAB-4EA5-BD02-522637E888C7}.Debug|Win32.Build.0 = Debug|Win32
		{4E838394-6FAB-4EA5-BD02-522637E888C7}.Analysis|Win32.ActiveCfg = Analysis|Win32
		{4E838394-6FAB-4EA5-BD02-522637E888C7}.Analysis|Win32.Build.0 = Analysis|Win32
		{4E838394-6FAB-4EA5-BD02-522637E888C7}.Release|Win32.ActiveCfg = Release|Win32
		{4E838394-6FAB-4EA5-BD02-522637E888C7}.Release|Win32.Build.0 = Release|Win32
		{4E838394-6FAB-4EA5-BD02-522637E888C7}.Debug|x64.ActiveCfg = Debug|x64
		{4E838394-6FAB-4EA5-BD02-522637E888C7}.Debug|x64.Build.0 = Debug|x64
		{4E838394-6FAB-4EA5-BD02-522637E888C7}.Analysis|x64.ActiveCfg = Analysis|x64
		{4E838394-6FAB-4EA5-BD02-522637E888C7}.Analysis|x64.Build.0 = Analysis|x64
		{4E838394-6FAB-4EA5-BD02-522637E888C7}.Release|x64.ActiveCfg = Release|x64
		{4E838394-6FAB-4EA5-BD02-522637E888C7}.Release|x64.Build.0 = Release|x64
		{E13D357C-89D1-4B9D-8901-3249E8525138}.Debug|Win32.ActiveCfg = Debug|Win32
		{E13D357C-89D1-4B9D-8901-3249E8525138}.Debug|Win32.Build.0 = Debug|Win32
		{E13D357C-89D1-4B9D-8901-3249E8525138}.Analysis|Win32.ActiveCfg = Analysis|Win32
		{E13D357C-89D1-4B9D-8901-3249E8525138}.Analysis|Win32.Build.0 = Analysis|Win32
		{E13D357C-89D1-4B9D-8901-3249E8525138}.Release|Win32.ActiveCfg = Release|Win32
		{E13D357C-89D1-4B9D-8901-3249E8525138}.Release|Win32.Build.0 = Release|Win32
		{E13D357C-89D1-4B9D-8901-3249E8525138}.Debug|x64.ActiveCfg = Debug|x64
		{E13D357C-89D1-4B9D-8901-3249E8525138}.Debug|x64.Build.0 = Debug|x64
		{E13D357C-89D1-4B9D-8901-3249E8525138}.Analysis|x64.ActiveCfg = Analysis|x64
		{E13D357C-89D1-4B9D-8901-3249E8525138}.Analysis|x64.Build.0 = Analysis|x64
		{E13D357C-89D1-4B9D-8901-3249E8525138}.Release|x64.ActiveCfg = Release|x64
		{E13D357C-89D1-4B9D-8901-3249E8525138}.Release|x64.Build.0 = Release|x64
		{D5D4CC46-81AC-4C7F-AE3F-A6E62930AF0B}.Debug|Win32.ActiveCfg = Debug|Win32
		{D5D4CC46-81AC-4C7F-AE3F-A6E62930AF0B}.Debug|Win32.Build.0 = Debug|Win32
		{D5D4CC46-81AC-4C7F-AE3F-A6E62930AF0B}.Analysis|Win32.ActiveCfg = Analysis|Win32
		{D5D4CC46-81AC-4C7F-AE3F-A6E62930AF0B}.Analysis|Win32.Build.0 = Analysis|Win32
		{D5D4CC46-81AC-4C7F-AE3F-A6E62930AF0B}.Release|Win32.ActiveCfg = Release|Win32
		{D5D4CC46-81AC-4C7F-AE3F-A6E62930AF0B}.Release|Win32.Build.0 = Release|Win32
		{D5D4CC46-81AC-4C7F-AE3F-A6E62930AF0B}.Debug|x64.ActiveCfg = Debug|x64
		{D5D4CC46-81AC-4C7F-AE3F-A6E62930AF0B}.Debug|x64.Build.0 = Debug|x64
		{D5D4CC46-81AC-4C7F-AE3F-A6E62930AF0B}.Analysis|x64.ActiveCfg = Analysis|x64
		{D5D4CC46-81AC-4C7F-AE3F-A6E62930AF0B}.Analysis|x64.Build.0 = Analysis|x64
		{D5D4CC46-81AC-4C7F-AE3F-A6E62930AF0B}.Release|x64.ActiveCfg = Release|x64
		{D5D4CC46-81AC-4C7F-AE3F-A6E62930AF0B}.Release|x64.Build.0 = Release|x64
		{6DE488F6-B6C3-4481-85C7-CAAF1A1DE7F0}.Debug|Win32.ActiveCfg = Debug|Win32
		{6DE488F6-B6C3-4481-85C7-CAAF1A1DE7F0}.Debug|Win32.Build.0 = Debug|Win32
		{6DE488F6-B6C3-4481-85C7-CAAF1A1DE7F0}.Analysis|Win32.ActiveCfg = Analysis|Win32
		{6DE488F6-B6C3-4481-85C7-CAAF1A1DE7F0}.Analysis|Win32.Build.0 = Analysis|Win32
		{6DE488F6-B6C3-4481-85C7-CAAF1A1DE7F0}.Release|Win32.ActiveCfg = Release|Win32
		{6DE488F6-B6C3-4481-85C7-CAAF1A1DE7F0}.Release|Win32.Build.0 = Release|Win32
		{6DE488F6-B6C3-4481-85C7-CAAF1A1DE7F0}.Debug|x64.ActiveCfg = Debug|x64
		{6DE488F6-B6C3-4481-85C7-CAAF1A1DE7F0}.Debug|x64.Build.0 = Debug|x64
		{6DE488F6-B6C3-4481-85C7-CAAF1A1DE7F0}.Analysis|x64.ActiveCfg = Analysis|x64
		{6DE488F6-B6C3-4481-85C7-CAAF1A1DE7F0}.Analysis|x64.Build.0 = Analysis|x64
		{6DE488F6-B6C3-4481-85C7-CAAF1A1DE7F0}.Release|x64.ActiveCfg = Release|x64
		{6DE488F6-B6C3-4481-85C7-CAAF1A1DE7F0}.Release|x64.Build.0 = Release|x64
		{F2B53874-6226-4411-A59B-F88FCCA89A3A}.Debug|Win32.ActiveCfg = Debug|Win32
		{F2B53874-6226-4411-A59B-F88FCCA89A3A}.Debug|Win32.Build.0 = Debug|Win32
		{F2B53874-6226-4411-A59B-F88FCCA89A3A}.Analysis|Win32.ActiveCfg = Analysis|Win32
		{F2B53874-6226-4411-A59B-F88FCCA89A3A}.Analysis|Win32.Build.0 = Analysis|Win32
		{F2B53874-6226-4411-A59B-F88FCCA89A3A}.Release|Win32.ActiveCfg = Release|Win32
		{F2B53874-6226-4411-A59B-F88FCCA89A3A}.Release|Win32.Build.0 = Release|Win32
		{F2B53874-6226-4411-A59B-F88FCCA89A3A}.Debug|x64.ActiveCfg = Debug|x64
		{F2B53874-6226-4411-A59B-F88FCCA89A3A}.Debug|x64.Build.0 = Debug|x64
		{F2B53874-6226-4411-A59B-F88FCCA89A3A}.Analysis|x64.ActiveCfg = Analysis|x64
		{F2B53874-6226-4411-A59B-F88FCCA89A3A}.Analysis|x64.Build.0 = Analysis|x64
		{F2B53874-6226-4411-A59B-F88FCCA89A3A}.Release|x64.ActiveCfg = Release|x64
		{F2B53874-6226-4411-A59B-F88FCCA89A3A}.Release|x64.Build.0 = Release|x64
		{8D243245-E8C7-46AE-8F92-5FAAAF479CA2}.Debug|Win32.ActiveCfg = Debug|Win32
		{8D243245-E8C7-46AE-8F92-5FAAAF479CA2}.Debug|Win32.Build.0 = Debug|Win32
		{8D243245-E8C7-46AE-8F92-5FAAAF479CA2}.Analysis|Win32.ActiveCfg = Analysis|Win32
		{8D243245-E8C7-46AE-8F92-5FAAAF479CA2}.Analysis|Win32.Build.0 = Analysis|Win32
		{8D243245-E8C7-46AE-8F92-5FAAAF479CA2}.Release|Win32.ActiveCfg = Release|Win32
		{8D243245-E8C7-46AE-8F92-5FAAAF479CA2}.Release|Win32.Build.0 = Release|Win32
		{8D243245-E8C7-46AE-8F92-5FAAAF479CA2}.Debug|x64.ActiveCfg = Debug|x64
		{8D243245-E8C7-46AE-8F92-5FAAAF479CA2}.Debug|x64.Build.0 = Debug|x64
		{8D243245-E8C7-46AE-8F92-5FAAAF479CA2}.Analysis|x64.ActiveCfg = Analysis|x64
		{8D243245-E8C7-46AE-8F92-5FAAAF479CA2}.Analysis|x64.Build.0 = Analysis|x64
		{8D243245-E8C7-46AE-8F92-5FAAAF479CA2}.Release|x64.ActiveCfg = Release|x64
		{8D243245-E8C7-46AE-8F92-5FAAAF479CA2}.Release|x64.Build.0 = Release|x64
		{FCD4175F-FA0C-4161-A86B-F075148CB0A2}.Debug|Win32.ActiveCfg = Debug|Win32
		{FCD4175F-FA0C-4161-A86B-F075148CB0A2}.Debug|Win32.Build.0 = Debug|Win32
		{FCD4175F-FA0C-4161-A86B-F075148CB0A2}.Analysis|Win32.ActiveCfg = Analysis|Win32
		{FCD4175F-FA0C-4161-A86B-F075148CB0A2}.Analysis|Win32.Build.0 = Analysis|Win32
		{FCD4175F-FA0C-4161-A86B-F075148CB0A2}.Release|Win32.ActiveCfg = Release|Win32
		{FCD4175F-FA0C-4161-A86B-F075148CB0A2}.Release|Win32.Build.0 = Release|Win32
		{FCD4175F-FA0C-4161-A86B-F075148CB0A2}.Debug|x64.ActiveCfg = Debug|x64
		{FCD4175F-FA0C-4161-A86B-F075148CB0A2}.Debug|x64.Build.0 = Debug|x64
		{FCD4175F-FA0C-4161-A86B-F075148CB0A2}.Analysis|x64.ActiveCfg = Analysis|x64
		{FCD4175F-FA0C-4161-A86B-F075148CB0A2}.Analysis|x64.Build.0 = Analysis|x64
		{FCD4175F-FA0C-4161-A86B-F075148CB0A2}.Release|x64.ActiveCfg = Release|x64
		{FCD4175F-FA0C-4161-A86B-F075148CB0A2}.Release|x64.Build.0 = Release|x64
		{B1E3E79A-ABAF-4A3C-82A9-E7F1F08495EE}.Debug|Win32.ActiveCfg = Debug|Win32
		{B1E3E79A-ABAF-4A3C-82A9-E7F1F08495EE}.Debug|Win32.Build.0 = Debug|Win32
		{B1E3E79A-ABAF-4A3C-82A9-E7F1F08495EE}.Analysis|Win32.ActiveCfg = Analysis|Win32
		{B1E3E79A-ABAF-4A3C-82A9-E7F1F08495EE}.Analysis|Win32.Build.0 = Analysis|Win32
		{B1E3E79A-ABAF-4A3C-82A9-E7F1F08495EE}.Release|Win32.ActiveCfg = Release|Win32
		{B1E3E79A-ABAF-4A3C-82A9-E7F1F08495EE}.Release|Win32.Build.0 = Release|Win32
		{B1E3E79A-ABAF-4A3C-82A9-E7F1F08495EE}.Debug|x64.ActiveCfg = Debug|x64
		{B1E3E79A-ABAF-4A3C-82A9-E7F1F08495EE}.Debug|x64.Build.0 = Debug|x64
		{B1E3E79A-ABAF-4A3C-82A9-E7F1F08495EE}.Analysis|x64.ActiveCfg = Analysis|x64
		{B1E3E79A-ABAF-4A3C-82A9-E7F1F08495EE}.Analysis|x64.Build.0 = Analysis|x64
		{B1E3E79A-ABAF-4A3C-82A9-E7F1F08495EE}.Release|x64.ActiveCfg = Release|x64
		{B1E3E79A-ABAF-4A3C-82A9-E7F1F08495EE}.Release|x64.Build.0 = Release|x64
		{E024B02A-A622-424B-B865-AA192EFB2859}.Debug|Win32.ActiveCfg = Debug|Win32
		{E024B02A-A622-424B-B865-AA192EFB2859}.Debug|Win32.Build.0 = Debug|Win32
		{E024B02A-A622-424B-B865-AA192EFB2859}.Analysis|Win32.ActiveCfg = Analysis|Win32
		{E024B02A-A622-424B-B865-AA192EFB2859}.Analysis|Win32.Build.0 = Analysis|Win32
		{E024B02A-A622-424B-B865-AA192EFB2859}.Release|Win32.ActiveCfg = Release|Win32
		{E024B02A-A622-424B-B865-AA192EFB2859}.Release|Win32.Build.0 = Release|Win32
		{E024B02A-A622-424B-B865-AA192EFB2859}.Debug|x64.ActiveCfg = Debug|x64
		{E024B02A-A622-424B-B865-AA192EFB2859}.Debug|x64.Build.0 = Debug|x64
		{E024B02A-A622-424B-B865-AA192EFB2859}.Analysis|x64.ActiveCfg = Analysis|x64
		{E024B02A-A622-424B-B865-AA192EFB2859}.Analysis|x64.Build.0 = Analysis|x64
		{E024B02A-A622-424B-B865-AA192EFB2859}.Release|x64.ActiveCfg = Release|x64
		{E024B02A-A622-424B-B865-AA192EFB2859}.Release|x64.Build.0 = Release|x64
		{DC45F7FB-1517-4600-A3F5-C4DE33EF1044}.Debug|Win32.ActiveCfg = Debug|Win32
		{DC45F7FB-1517-4600-A3F5-C4DE33EF1044}.Debug|Win32.Build.0 = Debug|Win32
		{DC45F7FB-1517-4600-A3F5-C4DE33EF1044}.Analysis|Win32.ActiveCfg = Analysis|Win32
		{DC45F7FB-1517-4600-A3F5-C4DE33EF1044}.Analysis|Win32.Build.0 = Analysis|Win32
		{DC45F7FB-1517-4600-A3F5-C4DE33EF1044}.Release|Win32.ActiveCfg = Release|Win32
		{DC45F7FB-1517-4600-A3F5-C4DE33EF1044}.Release|Win32.Build.0 = Release|Win32
		{DC45F7FB-1517-4600-A3F5-C4DE33EF1044}.Debug|x64.ActiveCfg = Debug|x64
		{DC45F7FB-1517-4600-A3F5-C4DE33EF1044}.Debug|x64.Build.0 = Debug|x64
		{DC45F7FB-1517-4600-A3F5-C4DE33EF1044}.Analysis|x64.ActiveCfg = Analysis|x64
		{DC45F7FB-1517-4600-A3F5-C4DE33EF1044}.Analysis|x64.Build.0 = Analysis|x64
		{DC45F7FB-1517-4600-A3F5-C4DE33EF1044}.Release|x64.ActiveCfg = Release|x64
		{DC45F7FB-1517-4600-A3F5-C4DE33EF1044}.Release|x64.Build.0 = Release|x64
		{5AAC4F56-B9C0-4863-ADAA-D941388BE3E9}.Debug|Win32.ActiveCfg = Debug|Win32
		{5AAC4F56-B9C0-4863-ADAA-D941388BE3E9}.Debug|Win32.Build.0 = Debug|Win32
		{5AAC4F56-B9C0-4863-ADAA-D941388BE3E9}.Analysis|Win32.ActiveCfg = Analysis|Win32
		{5AAC4F56-B9C0-4863-ADAA-D941388BE3E9}.Analysis|Win32.Build.0 = Analysis|Win32
		{5AAC4F56-B9C0-4863-ADAA-D941388BE3E9}.Release|Win32.ActiveCfg = Release|Win32
		{5AAC4F56-B9C0-4863-ADAA-D941388BE3E9}.Release|Win32.Build.0 = Release|Win32
		{5AAC4F56-B9C0-4863-ADAA-D941388BE3E9}.Debug|x64.ActiveCfg = Debug|x64
		{5AAC4F56-B9C0-4863-ADAA-D941388BE3E9}.Debug|x64.Build.0 = Debug|x64
		{5AAC4F56-B9C0-4863-ADAA-D941388BE3E9}.Analysis|x64.ActiveCfg = Analysis|x64
		{5AAC4F56-B9C0-4863-ADAA-D941388BE3E9}.Analysis|x64.Build.0 = Analysis|x64
		{5AAC4F56-B9C0-4863-ADAA-D941388BE3E9}.Release|x64.ActiveCfg = Release|x64
		{5AAC4F56-B9C0-4863-ADAA-D941388BE3E9}.Release|x64.Build.0 = Release|x64
		{6FCC841C-7CCE-49BF-B841-B26AC6485922}.Debug|Win32.ActiveCfg = Debug|Win32
		{6FCC841C-7CCE-49BF-B841-B26AC6485922}.Debug|Win32.Build.0 = Debug|Win32
		{6FCC841C-7CCE-49BF-B841-B26AC6485922}.Analysis|Win32.ActiveCfg = Analysis|Win32
		{6FCC841C-7CCE-49BF-B841-B26AC6485922}.Analysis|Win32.Build.0 = Analysis|Win32
		{6FCC841C-7CCE-49BF-B841-B26AC6485922}.Release|Win32.ActiveCfg = Release|Win32
		{6FCC841C-7CCE-49BF-B841-B26AC6485922}.Release|Win32.Build.0 = Release|Win32
		{6FCC841C-7CCE-49BF-B841-B26AC6485922}.Debug|x64.ActiveCfg = Debug|x64
		{6FCC841C-7CCE-49BF-B841-B26AC6485922}.Debug|x64.Build.0 = Debug|x64
		{6FCC841C-7CCE-49BF-B841-B26AC6485922}.Analysis|x64.ActiveCfg = Analysis|x64
		{6FCC841C-7CCE-49BF-B841-B26AC6485922}.Analysis|x64.Build.0 = Analysis|x64
		{6FCC841C-7CCE-49BF-B841-B26AC6485922}.Release|x64.ActiveCfg = Release|x64
		{6FCC841C-7CCE-49BF-B841-B26AC6485922}.Release|x64.Build.0 = Release|x64
		{F4A879AF-6A32-4397-9DEC-D91678BE01E8}.Debug|Win32.ActiveCfg = Debug|Win32
		{F4A879AF-6A32-4397-9DEC-D91678BE01E8}.Debug|Win32.Build.0 = Debug|Win32
		{F4A879AF-6A32-4397-9DEC-D91678BE01E8}.Analysis|Win32.ActiveCfg = Analysis|Win32
		{F4A879AF-6A32-4397-9DEC-D91678BE01E8}.Analysis|Win32.Build.0 = Analysis|Win32
		{F4A879AF-6A32-4397-9DEC-D91678BE01E8}.Release|Win32.ActiveCfg = Release|Win32
		{F4A879AF-6A32-4397-9DEC-D91678BE01E8}.Release|Win32.Build.0 = Release|Win32
		{F4A879AF-6A32-4397-9DEC-D91678BE01E8}.Debug|x64.ActiveCfg = Debug|x64
		{F4A879AF-6A32-4397-9DEC-D91678BE01E8}.Debug|x64.Build.0 = Debug|x64
		{F4A879AF-6A32-4397-9DEC-D91678BE01E8}.Analysis|x64.ActiveCfg = Analysis|x64
		{F4A879AF-6A32-4397-9DEC-D91678BE01E8}.Analysis|x64.Build.0 = Analysis|x64
		{F4A879AF-6A32-4397-9DEC-D91678BE01E8}.Release|x64.ActiveCfg = Release|x64
		{F4A879AF-6A32-4397-9DEC-D91678BE01E8}.Release|x64.Build.0 = Release|x64
		{8B850509-555F-48CE-A07B-3968C4938BB9}.Debug|Win32.ActiveCfg = Debug|Win32
		{8B850509-555F-48CE-A07B-3968C4938BB9}.Debug|Win32.Build.0 = Debug|Win32
		{8B850509-555F-48CE-A07B-3968C4938BB9}.Analysis|Win32.ActiveCfg = Analysis|Win32
		{8B850509-555F-48CE-A07B-3968C4938BB9}.Analysis|Win32.Build.0 = Analysis|Win32
		{8B850509-555F-48CE-A07B-3968C4938BB9}.Release|Win32.ActiveCfg = Release|Win32
		{8B850509-555F-48CE-A07B-3968C4938BB9}.Release|Win32.Build.0 = Release|Win32
		{8B850509-555F-48CE-A07B-3968C4938BB9}.Debug|x64.ActiveCfg = Debug|x64
		{8B850509-555F-48CE-A07B-3968C4938BB9}.Debug|x64.Build.0 = Debug|x64
		{8B850509-555F-48CE-A07B-3968C4938BB9}.Analysis|x64.ActiveCfg = Analysis|x64
		{8B850509-555F-48CE-A07B-3968C4938BB9}.Analysis|x64.Build.0 = Analysis|x64
		{8B850509-555F-48CE-A07B-3968C4938BB9}.Release|x64.ActiveCfg = Release|x64
		{8B850509-555F-48CE-A07B-3968C4938BB9}.Release|x64.Build.0 = Release|x64
		{3D056AA7-387D-4016-AB1B-2DE3D92ECD66}.Debug|Win32.ActiveCfg = Debug|Win32
		{3D056AA7-387D-4016-AB1B-2DE3D92ECD66}.Debug|Win32.Build.0 = Debug|Win32
		{3D056AA7-387D-4016-AB1B-2DE3D92ECD66}.Analysis|Win32.ActiveCfg = Analysis|Win32
		{3D056AA7-387D-4016-AB1B-2DE3D92ECD66}.Analysis|Win32.Build.0 = Analysis|Win32
		{3D056AA7-387D-4016-AB1B-2DE3D92ECD66}.Release|Win32.ActiveCfg = Release|Win32
		{3D056AA7-387D-4016-AB1B-2DE3D92ECD66}.Release|Win32.Build.0 = Release|Win32
		{3D056AA7-387D-4016-AB1B-2DE3D92ECD66}.Debug|x64.ActiveCfg = Debug|x64
		{3D056AA7-387D-4016-AB1B-2DE3D92ECD66}.Debug|x64.Build.0 = Debug|x64
		{3D056AA7-387D-4016-AB1B-2DE3D92ECD66}.Analysis|x64.ActiveCfg = Analysis|x64
		{3D056AA7-387D-4016-AB1B-2DE3D92ECD66}.Analysis|x64.Build.0 = Analysis|x64
		{3D056AA7-387D-4016-AB1B-2DE3D92ECD66}.Release|x64.ActiveCfg = Release|x64
		{3D056AA7-387D-4016-AB1B-2DE3D92ECD66}.Release|x64.Build.0 = Release|x64
		{B4D36F0A-3339-49D4-B514-3D7AA7C835E4}.Debug|Win32.ActiveCfg = Debug|Win32
		{B4D36F0A-3339-49D4-B514-3D7AA7C835E4}.Debug|Win32.Build.0 = Debug|Win32
		{B4D36F0A-3339-49D4-B514-3D7AA7C835E4}.Analysis|Win32.ActiveCfg = Analysis|Win32
		{B4D36F0A-3339-49D4-B514-3D7AA7C835E4}.Analysis|Win32.Build.0 = Analysis|Win32
		{B4D36F0A-3339-49D4-B514-3D7AA7C835E4}.Release|Win32.ActiveCfg = Release|Win32
		{B4D36F0A-3339-49D4-B514-3D7AA7C835E4}.Release|Win32.Build.0 = Release|Win32
		{B4D36F0A-3339-49D4-B514-3D7AA7C835E4}.Debug|x64.ActiveCfg = Debug|x64
		{B4D36F0A-3339-49D4-B514-3D7AA7C835E4}.Debug|x64.Build.0 = Debug|x64
		{B4D36F0A-3339-49D4-B514-3D7AA7C835E4}.Analysis|x64.ActiveCfg = Analysis|x64
		{B4D36F0A-3339-49D4-B514-3D7AA7C835E4}.Analysis|x64.Build.0 = Analysis|x64
		{B4D36F0A-3339-49D4-B514-3D7AA7C835E4}.Release|x64.ActiveCfg = Release|x64
		{B4D36F0A-3339-49D4-B514-3D7AA7C835E4}.Release|x64.Build.0 = Release|x64
		{CE9F8D07-1ECE-4E89-A94C-6EC47B3D2B30}.Debug|Win32.ActiveCfg = Debug|Win32
		{CE9F8D07-1ECE-4E89-A94C-6EC47B3D2B30}.Debug|Win32.Build.0 = Debug|Win32
		{CE9F8D07-1ECE-4E89-A94C-6EC47B3D2B30}.Analysis|Win32.ActiveCfg = Analysis|Win32
		{CE9F8D07-1ECE-4E89-A94C-6EC47B3D2B30}.Analysis|Win32.Build.0 = Analysis|Win32
		{CE9F8D07-1ECE-4E89-A94C-6EC47B3D2B30}.Release|Win32.ActiveCfg = Release|Win32
		{CE9F8D07-1ECE-4E89-A94C-6EC47B3D2B30}.Release|Win32.Build.0 = Release|Win32
		{CE9F8D07-1ECE-4E89-A94C-6EC47B3D2B30}.Debug|x64.ActiveCfg = Debug|x64
		{CE9F8D07-1ECE-4E89-A94C-6EC47B3D2B30}.Debug|x64.Build.0 = Debug|x64
		{CE9F8D07-1ECE-4E89-A94C-6EC47B3D2B30}.Analysis|x64.ActiveCfg = Analysis|x64
		{CE9F8D07-1ECE-4E89-A94C-6EC47B3D2B30}.Analysis|x64.Build.0 = Analysis|x64
		{CE9F8D07-1ECE-4E89-A94C-6EC47B3D2B30}.Release|x64.ActiveCfg = Release|x64
		{CE9F8D07-1ECE-4E89-A94C-6EC47B3D2B30}.Release|x64.Build.0 = Release|x64
		{119A3B44-D415-498B-A957-07D1213CB7EF}.Debug|Win32.ActiveCfg = Debug|Win32
		{119A3B44-D415-498B-A957-07D1213CB7EF}.Debug|Win32.Build.0 = Debug|Win32
		{119A3B44-D415-498B-A957-07D1213CB7EF}.Analysis|Win32.ActiveCfg = Analysis|Win32
		{119A3B44-D415-498B-A957-07D1213CB7EF}.Analysis|Win32.Build.0 = Analysis|Win32
		{119A3B44-D415-498B-A957-07D1213CB7EF}.Release|Win32.ActiveCfg = Release|Win32
		{119A3B44-D415-498B-A957-07D1213CB7EF}.Release|Win32.Build.0 = Release|Win32
		{119A3B44-D415-498B-A957-07D1213CB7EF}.Debug|x64.ActiveCfg = Debug|x64
		{119A3B44-D415-498B-A957-07D1213CB7EF}.Debug|x64.Build.0 = Debug|x64
		{119A3B44-D415-498B-A957-07D1213CB7EF}.Analysis|x64.ActiveCfg = Analysis|x64
		{119A3B44-D415-498B-A957-07D1213CB7EF}.Analysis|x64.Build.0 = Analysis|x64
		{119A3B44-D415-498B-A957-07D1213CB7EF}.Release|x64.ActiveCfg = Release|x64
		{119A3B44-D415-498B-A957-07D1213CB7EF}.Release|x64.Build.0 = Release|x64
	EndGlobalSection
	GlobalSection(SolutionProperties) = preSolution
		HideSolutionNode = FALSE
	EndGlobalSection
EndGlobal
