<?xml version="1.0" encoding="utf-8"?>
<Project ToolsVersion="4.0" xmlns="http://schemas.microsoft.com/developer/msbuild/2003">
	<ItemGroup>
		<Filter Include="core">
			<UniqueIdentifier>E8B27F8B-D585-4E47-BCD9-09B981E0B5D3</UniqueIdentifier>
		</Filter>
		<Filter Include="file">
			<UniqueIdentifier>899FD9E4-E602-40C9-90DB-08E11417D3B4</UniqueIdentifier>
		</Filter>
		<Filter Include="graphics">
			<UniqueIdentifier>6E2D9837-129F-40DF-A17C-6DCCECFB06A5</UniqueIdentifier>
		</Filter>
		<Filter Include="graphics\cursors">
			<UniqueIdentifier>AB6330A7-C580-477E-AEAB-C4E848B7CFC7</UniqueIdentifier>
		</Filter>
		<Filter Include="graphics\effects">
			<UniqueIdentifier>8B625158-3D7F-4320-863B-6C1459AA1917</UniqueIdentifier>
		</Filter>
		<Filter Include="scripting">
			<UniqueIdentifier>A88F672A-B3C1-469A-A49B-1FCDD5746494</UniqueIdentifier>
		</Filter>
		<Filter Include="scripting\controls">
			<UniqueIdentifier>BF66FBC8-E1EE-49A0-AA07-D44572F91866</UniqueIdentifier>
		</Filter>
		<Filter Include="scripting\effects">
			<UniqueIdentifier>384C88B5-3F83-42FB-B80A-2CA097C9771C</UniqueIdentifier>
		</Filter>
		<Filter Include="sound">
			<UniqueIdentifier>DEFC9EDF-B3A2-4D30-BEBD-2D8BF4F8068E</UniqueIdentifier>
		</Filter>
		<Filter Include="text">
			<UniqueIdentifier>75359ABD-D9FC-484A-8396-5CCAE737AAF5</UniqueIdentifier>
		</Filter>
		<Filter Include="video">
			<UniqueIdentifier>27C88EC8-0075-49BE-8384-724651A54B42</UniqueIdentifier>
		</Filter>
	</ItemGroup>
	<ItemGroup>
		<ClCompile Include="..\..\engines\zvision\core\clock.cpp">
			<Filter>core</Filter>
		</ClCompile>
		<ClCompile Include="..\..\engines\zvision\core\console.cpp">
			<Filter>core</Filter>
		</ClCompile>
		<ClCompile Include="..\..\engines\zvision\core\events.cpp">
			<Filter>core</Filter>
		</ClCompile>
		<ClCompile Include="..\..\engines\zvision\file\lzss_read_stream.cpp">
			<Filter>file</Filter>
		</ClCompile>
		<ClCompile Include="..\..\engines\zvision\file\save_manager.cpp">
			<Filter>file</Filter>
		</ClCompile>
		<ClCompile Include="..\..\engines\zvision\file\search_manager.cpp">
			<Filter>file</Filter>
		</ClCompile>
		<ClCompile Include="..\..\engines\zvision\file\zfs_archive.cpp">
			<Filter>file</Filter>
		</ClCompile>
		<ClCompile Include="..\..\engines\zvision\graphics\cursors\cursor.cpp">
			<Filter>graphics\cursors</Filter>
		</ClCompile>
		<ClCompile Include="..\..\engines\zvision\graphics\cursors\cursor_manager.cpp">
			<Filter>graphics\cursors</Filter>
		</ClCompile>
		<ClCompile Include="..\..\engines\zvision\graphics\effects\fog.cpp">
			<Filter>graphics\effects</Filter>
		</ClCompile>
		<ClCompile Include="..\..\engines\zvision\graphics\effects\light.cpp">
			<Filter>graphics\effects</Filter>
		</ClCompile>
		<ClCompile Include="..\..\engines\zvision\graphics\effects\wave.cpp">
			<Filter>graphics\effects</Filter>
		</ClCompile>
		<ClCompile Include="..\..\engines\zvision\graphics\render_manager.cpp">
			<Filter>graphics</Filter>
		</ClCompile>
		<ClCompile Include="..\..\engines\zvision\graphics\render_table.cpp">
			<Filter>graphics</Filter>
		</ClCompile>
		<ClCompile Include="..\..\engines\zvision\scripting\controls\fist_control.cpp">
			<Filter>scripting\controls</Filter>
		</ClCompile>
		<ClCompile Include="..\..\engines\zvision\scripting\controls\hotmov_control.cpp">
			<Filter>scripting\controls</Filter>
		</ClCompile>
		<ClCompile Include="..\..\engines\zvision\scripting\controls\input_control.cpp">
			<Filter>scripting\controls</Filter>
		</ClCompile>
		<ClCompile Include="..\..\engines\zvision\scripting\controls\lever_control.cpp">
			<Filter>scripting\controls</Filter>
		</ClCompile>
		<ClCompile Include="..\..\engines\zvision\scripting\controls\paint_control.cpp">
			<Filter>scripting\controls</Filter>
		</ClCompile>
		<ClCompile Include="..\..\engines\zvision\scripting\controls\push_toggle_control.cpp">
			<Filter>scripting\controls</Filter>
		</ClCompile>
		<ClCompile Include="..\..\engines\zvision\scripting\controls\safe_control.cpp">
			<Filter>scripting\controls</Filter>
		</ClCompile>
		<ClCompile Include="..\..\engines\zvision\scripting\controls\save_control.cpp">
			<Filter>scripting\controls</Filter>
		</ClCompile>
		<ClCompile Include="..\..\engines\zvision\scripting\controls\slot_control.cpp">
			<Filter>scripting\controls</Filter>
		</ClCompile>
		<ClCompile Include="..\..\engines\zvision\scripting\controls\titler_control.cpp">
			<Filter>scripting\controls</Filter>
		</ClCompile>
		<ClCompile Include="..\..\engines\zvision\scripting\effects\animation_effect.cpp">
			<Filter>scripting\effects</Filter>
		</ClCompile>
		<ClCompile Include="..\..\engines\zvision\scripting\effects\distort_effect.cpp">
			<Filter>scripting\effects</Filter>
		</ClCompile>
		<ClCompile Include="..\..\engines\zvision\scripting\effects\music_effect.cpp">
			<Filter>scripting\effects</Filter>
		</ClCompile>
		<ClCompile Include="..\..\engines\zvision\scripting\effects\region_effect.cpp">
			<Filter>scripting\effects</Filter>
		</ClCompile>
		<ClCompile Include="..\..\engines\zvision\scripting\effects\syncsound_effect.cpp">
			<Filter>scripting\effects</Filter>
		</ClCompile>
		<ClCompile Include="..\..\engines\zvision\scripting\effects\timer_effect.cpp">
			<Filter>scripting\effects</Filter>
		</ClCompile>
		<ClCompile Include="..\..\engines\zvision\scripting\effects\ttytext_effect.cpp">
			<Filter>scripting\effects</Filter>
		</ClCompile>
		<ClCompile Include="..\..\engines\zvision\scripting\actions.cpp">
			<Filter>scripting</Filter>
		</ClCompile>
		<ClCompile Include="..\..\engines\zvision\scripting\control.cpp">
			<Filter>scripting</Filter>
		</ClCompile>
		<ClCompile Include="..\..\engines\zvision\scripting\inventory.cpp">
			<Filter>scripting</Filter>
		</ClCompile>
		<ClCompile Include="..\..\engines\zvision\scripting\menu.cpp">
			<Filter>scripting</Filter>
		</ClCompile>
		<ClCompile Include="..\..\engines\zvision\scripting\scr_file_handling.cpp">
			<Filter>scripting</Filter>
		</ClCompile>
		<ClCompile Include="..\..\engines\zvision\scripting\script_manager.cpp">
			<Filter>scripting</Filter>
		</ClCompile>
		<ClCompile Include="..\..\engines\zvision\sound\midi.cpp">
			<Filter>sound</Filter>
		</ClCompile>
		<ClCompile Include="..\..\engines\zvision\sound\zork_raw.cpp">
			<Filter>sound</Filter>
		</ClCompile>
		<ClCompile Include="..\..\engines\zvision\text\string_manager.cpp">
			<Filter>text</Filter>
		</ClCompile>
		<ClCompile Include="..\..\engines\zvision\text\subtitles.cpp">
			<Filter>text</Filter>
		</ClCompile>
		<ClCompile Include="..\..\engines\zvision\text\text.cpp">
			<Filter>text</Filter>
		</ClCompile>
		<ClCompile Include="..\..\engines\zvision\text\truetype_font.cpp">
			<Filter>text</Filter>
		</ClCompile>
		<ClCompile Include="..\..\engines\zvision\video\rlf_decoder.cpp">
			<Filter>video</Filter>
		</ClCompile>
		<ClCompile Include="..\..\engines\zvision\video\video.cpp">
			<Filter>video</Filter>
		</ClCompile>
		<ClCompile Include="..\..\engines\zvision\video\zork_avi_decoder.cpp">
			<Filter>video</Filter>
		</ClCompile>
		<ClCompile Include="..\..\engines\zvision\detection.cpp" />
		<ClCompile Include="..\..\engines\zvision\zvision.cpp" />
	</ItemGroup>
	<ItemGroup>
		<ClInclude Include="..\..\engines\zvision\core\clock.h">
			<Filter>core</Filter>
		</ClInclude>
		<ClInclude Include="..\..\engines\zvision\core\console.h">
			<Filter>core</Filter>
		</ClInclude>
		<ClInclude Include="..\..\engines\zvision\file\lzss_read_stream.h">
			<Filter>file</Filter>
		</ClInclude>
		<ClInclude Include="..\..\engines\zvision\file\save_manager.h">
			<Filter>file</Filter>
		</ClInclude>
		<ClInclude Include="..\..\engines\zvision\file\search_manager.h">
			<Filter>file</Filter>
		</ClInclude>
		<ClInclude Include="..\..\engines\zvision\file\zfs_archive.h">
			<Filter>file</Filter>
		</ClInclude>
		<ClInclude Include="..\..\engines\zvision\graphics\cursors\cursor.h">
			<Filter>graphics\cursors</Filter>
		</ClInclude>
		<ClInclude Include="..\..\engines\zvision\graphics\cursors\cursor_manager.h">
			<Filter>graphics\cursors</Filter>
		</ClInclude>
		<ClInclude Include="..\..\engines\zvision\graphics\effects\fog.h">
			<Filter>graphics\effects</Filter>
		</ClInclude>
		<ClInclude Include="..\..\engines\zvision\graphics\effects\light.h">
			<Filter>graphics\effects</Filter>
		</ClInclude>
		<ClInclude Include="..\..\engines\zvision\graphics\effects\wave.h">
			<Filter>graphics\effects</Filter>
		</ClInclude>
		<ClInclude Include="..\..\engines\zvision\graphics\graphics_effect.h">
			<Filter>graphics</Filter>
		</ClInclude>
		<ClInclude Include="..\..\engines\zvision\graphics\render_manager.h">
			<Filter>graphics</Filter>
		</ClInclude>
		<ClInclude Include="..\..\engines\zvision\graphics\render_table.h">
			<Filter>graphics</Filter>
		</ClInclude>
		<ClInclude Include="..\..\engines\zvision\scripting\controls\fist_control.h">
			<Filter>scripting\controls</Filter>
		</ClInclude>
		<ClInclude Include="..\..\engines\zvision\scripting\controls\hotmov_control.h">
			<Filter>scripting\controls</Filter>
		</ClInclude>
		<ClInclude Include="..\..\engines\zvision\scripting\controls\input_control.h">
			<Filter>scripting\controls</Filter>
		</ClInclude>
		<ClInclude Include="..\..\engines\zvision\scripting\controls\lever_control.h">
			<Filter>scripting\controls</Filter>
		</ClInclude>
		<ClInclude Include="..\..\engines\zvision\scripting\controls\paint_control.h">
			<Filter>scripting\controls</Filter>
		</ClInclude>
		<ClInclude Include="..\..\engines\zvision\scripting\controls\push_toggle_control.h">
			<Filter>scripting\controls</Filter>
		</ClInclude>
		<ClInclude Include="..\..\engines\zvision\scripting\controls\safe_control.h">
			<Filter>scripting\controls</Filter>
		</ClInclude>
		<ClInclude Include="..\..\engines\zvision\scripting\controls\save_control.h">
			<Filter>scripting\controls</Filter>
		</ClInclude>
		<ClInclude Include="..\..\engines\zvision\scripting\controls\slot_control.h">
			<Filter>scripting\controls</Filter>
		</ClInclude>
		<ClInclude Include="..\..\engines\zvision\scripting\controls\titler_control.h">
			<Filter>scripting\controls</Filter>
		</ClInclude>
		<ClInclude Include="..\..\engines\zvision\scripting\effects\animation_effect.h">
			<Filter>scripting\effects</Filter>
		</ClInclude>
		<ClInclude Include="..\..\engines\zvision\scripting\effects\distort_effect.h">
			<Filter>scripting\effects</Filter>
		</ClInclude>
		<ClInclude Include="..\..\engines\zvision\scripting\effects\music_effect.h">
			<Filter>scripting\effects</Filter>
		</ClInclude>
		<ClInclude Include="..\..\engines\zvision\scripting\effects\region_effect.h">
			<Filter>scripting\effects</Filter>
		</ClInclude>
		<ClInclude Include="..\..\engines\zvision\scripting\effects\syncsound_effect.h">
			<Filter>scripting\effects</Filter>
		</ClInclude>
		<ClInclude Include="..\..\engines\zvision\scripting\effects\timer_effect.h">
			<Filter>scripting\effects</Filter>
		</ClInclude>
		<ClInclude Include="..\..\engines\zvision\scripting\effects\ttytext_effect.h">
			<Filter>scripting\effects</Filter>
		</ClInclude>
		<ClInclude Include="..\..\engines\zvision\scripting\actions.h">
			<Filter>scripting</Filter>
		</ClInclude>
		<ClInclude Include="..\..\engines\zvision\scripting\control.h">
			<Filter>scripting</Filter>
		</ClInclude>
		<ClInclude Include="..\..\engines\zvision\scripting\menu.h">
			<Filter>scripting</Filter>
		</ClInclude>
		<ClInclude Include="..\..\engines\zvision\scripting\puzzle.h">
			<Filter>scripting</Filter>
		</ClInclude>
		<ClInclude Include="..\..\engines\zvision\scripting\script_manager.h">
			<Filter>scripting</Filter>
		</ClInclude>
		<ClInclude Include="..\..\engines\zvision\scripting\scripting_effect.h">
			<Filter>scripting</Filter>
		</ClInclude>
		<ClInclude Include="..\..\engines\zvision\sound\midi.h">
			<Filter>sound</Filter>
		</ClInclude>
		<ClInclude Include="..\..\engines\zvision\sound\zork_raw.h">
			<Filter>sound</Filter>
		</ClInclude>
		<ClInclude Include="..\..\engines\zvision\text\string_manager.h">
			<Filter>text</Filter>
		</ClInclude>
		<ClInclude Include="..\..\engines\zvision\text\subtitles.h">
			<Filter>text</Filter>
		</ClInclude>
		<ClInclude Include="..\..\engines\zvision\text\text.h">
			<Filter>text</Filter>
		</ClInclude>
		<ClInclude Include="..\..\engines\zvision\text\truetype_font.h">
			<Filter>text</Filter>
		</ClInclude>
		<ClInclude Include="..\..\engines\zvision\video\rlf_decoder.h">
			<Filter>video</Filter>
		</ClInclude>
		<ClInclude Include="..\..\engines\zvision\video\zork_avi_decoder.h">
			<Filter>video</Filter>
		</ClInclude>
		<ClInclude Include="..\..\engines\zvision\detection_tables.h" />
		<ClInclude Include="..\..\engines\zvision\zvision.h" />
	</ItemGroup>
	<ItemGroup>
		<None Include="..\..\engines\zvision\module.mk" />
	</ItemGroup>
</Project>