Microsoft Visual Studio Solution File, Format Version 10.00
# Visual Studio 2008
Project("{77E8F2B7-6064-46B0-96D3-8BF67B51D42E}") = "scummvm", "scummvm.vcproj", "{B2E4FC33-C525-4C08-B768-68E835C67495}"
	ProjectSection(ProjectDependencies) = postProject
		{8BFC605B-A837-4947-A98F-3DD569B1182B} = {8BFC605B-A837-4947-A98F-3DD569B1182B}
		{8FC78A8F-0FE4-4661-9A5D-6A1143EB04CE} = {8FC78A8F-0FE4-4661-9A5D-6A1143EB04CE}
		{E9642B92-9C74-4986-8418-5C6EC9749A5A} = {E9642B92-9C74-4986-8418-5C6EC9749A5A}
		{3D25E94D-0B81-4EE6-9E1A-F72206FBF1F0} = {3D25E94D-0B81-4EE6-9E1A-F72206FBF1F0}
		{611E84FD-925F-4497-B7E1-074257A19C95} = {611E84FD-925F-4497-B7E1-074257A19C95}
		{C786E2D3-0892-4AE7-ACB2-0BB3AFFCA412} = {C786E2D3-0892-4AE7-ACB2-0BB3AFFCA412}
		{1B2910AE-8895-4701-B84E-43CFF0DF65B9} = {1B2910AE-8895-4701-B84E-43CFF0DF65B9}
		{67498D6F-DB48-4889-BB63-3DAC61E1BE7D} = {67498D6F-DB48-4889-BB63-3DAC61E1BE7D}
		{0CCE2D95-6574-46DD-83D9-AEB4BA156E22} = {0CCE2D95-6574-46DD-83D9-AEB4BA156E22}
		{5EFC923B-45EB-4442-8F02-EEB1E4AD2FF0} = {5EFC923B-45EB-4442-8F02-EEB1E4AD2FF0}
		{7D5C87E3-D11E-4195-B871-4BB386BAD6E5} = {7D5C87E3-D11E-4195-B871-4BB386BAD6E5}
		{B76A22FC-56E6-4FA6-A92F-58CFDC88C05B} = {B76A22FC-56E6-4FA6-A92F-58CFDC88C05B}
		{E4493FB7-6701-4D60-B398-15F953ECE00C} = {E4493FB7-6701-4D60-B398-15F953ECE00C}
		{570309AE-EA49-45D4-B9AD-A4563666B11C} = {570309AE-EA49-45D4-B9AD-A4563666B11C}
		{AFF1D318-F322-4867-BB8E-62107B431CD3} = {AFF1D318-F322-4867-BB8E-62107B431CD3}
		{C0DDAF5E-FE46-4A07-91F5-C50836E481F1} = {C0DDAF5E-FE46-4A07-91F5-C50836E481F1}
		{47268232-70D7-47E9-86AC-41BD14F3DAC3} = {47268232-70D7-47E9-86AC-41BD14F3DAC3}
		{E5AFDCD9-D155-418E-A4A3-9E61E7BA352F} = {E5AFDCD9-D155-418E-A4A3-9E61E7BA352F}
		{E1B86152-9069-4C18-977E-D52B72B0EF58} = {E1B86152-9069-4C18-977E-D52B72B0EF58}
		{60CC3233-2374-4108-9960-69011C9F31FE} = {60CC3233-2374-4108-9960-69011C9F31FE}
		{589251E9-FC8E-4214-8DD8-3F7F892FD8EA} = {589251E9-FC8E-4214-8DD8-3F7F892FD8EA}
		{FB0B1E1F-80E0-4899-8291-9A5F31CC5E8A} = {FB0B1E1F-80E0-4899-8291-9A5F31CC5E8A}
		{5FB0745D-3F76-414D-90B0-CDD9E0A6C5DC} = {5FB0745D-3F76-414D-90B0-CDD9E0A6C5DC}
	EndProjectSection
EndProject
Project("{77E8F2B7-6064-46B0-96D3-8BF67B51D42E}") = "agi", "agi.vcproj", "{8BFC605B-A837-4947-A98F-3DD569B1182B}"
EndProject
Project("{77E8F2B7-6064-46B0-96D3-8BF67B51D42E}") = "agos", "agos.vcproj", "{8FC78A8F-0FE4-4661-9A5D-6A1143EB04CE}"
EndProject
Project("{77E8F2B7-6064-46B0-96D3-8BF67B51D42E}") = "cine", "cine.vcproj", "{E9642B92-9C74-4986-8418-5C6EC9749A5A}"
EndProject
Project("{77E8F2B7-6064-46B0-96D3-8BF67B51D42E}") = "cruise", "cruise.vcproj", "{3D25E94D-0B81-4EE6-9E1A-F72206FBF1F0}"
EndProject
Project("{77E8F2B7-6064-46B0-96D3-8BF67B51D42E}") = "draci", "draci.vcproj", "{611E84FD-925F-4497-B7E1-074257A19C95}"
EndProject
Project("{77E8F2B7-6064-46B0-96D3-8BF67B51D42E}") = "drascula", "drascula.vcproj", "{C786E2D3-0892-4AE7-ACB2-0BB3AFFCA412}"
EndProject
Project("{77E8F2B7-6064-46B0-96D3-8BF67B51D42E}") = "gob", "gob.vcproj", "{1B2910AE-8895-4701-B84E-43CFF0DF65B9}"
EndProject
Project("{77E8F2B7-6064-46B0-96D3-8BF67B51D42E}") = "groovie", "groovie.vcproj", "{67498D6F-DB48-4889-BB63-3DAC61E1BE7D}"
EndProject
Project("{77E8F2B7-6064-46B0-96D3-8BF67B51D42E}") = "kyra", "kyra.vcproj", "{0CCE2D95-6574-46DD-83D9-AEB4BA156E22}"
EndProject
Project("{77E8F2B7-6064-46B0-96D3-8BF67B51D42E}") = "lure", "lure.vcproj", "{5EFC923B-45EB-4442-8F02-EEB1E4AD2FF0}"
EndProject
Project("{77E8F2B7-6064-46B0-96D3-8BF67B51D42E}") = "made", "made.vcproj", "{7D5C87E3-D11E-4195-B871-4BB386BAD6E5}"
EndProject
Project("{77E8F2B7-6064-46B0-96D3-8BF67B51D42E}") = "parallaction", "parallaction.vcproj", "{B76A22FC-56E6-4FA6-A92F-58CFDC88C05B}"
EndProject
Project("{77E8F2B7-6064-46B0-96D3-8BF67B51D42E}") = "queen", "queen.vcproj", "{E4493FB7-6701-4D60-B398-15F953ECE00C}"
EndProject
Project("{77E8F2B7-6064-46B0-96D3-8BF67B51D42E}") = "saga", "saga.vcproj", "{570309AE-EA49-45D4-B9AD-A4563666B11C}"
EndProject
Project("{77E8F2B7-6064-46B0-96D3-8BF67B51D42E}") = "sci", "sci.vcproj", "{AFF1D318-F322-4867-BB8E-62107B431CD3}"
EndProject
Project("{77E8F2B7-6064-46B0-96D3-8BF67B51D42E}") = "scumm", "scumm.vcproj", "{C0DDAF5E-FE46-4A07-91F5-C50836E481F1}"
EndProject
Project("{77E8F2B7-6064-46B0-96D3-8BF67B51D42E}") = "sky", "sky.vcproj", "{47268232-70D7-47E9-86AC-41BD14F3DAC3}"
EndProject
Project("{77E8F2B7-6064-46B0-96D3-8BF67B51D42E}") = "sword1", "sword1.vcproj", "{E5AFDCD9-D155-418E-A4A3-9E61E7BA352F}"
EndProject
Project("{77E8F2B7-6064-46B0-96D3-8BF67B51D42E}") = "sword2", "sword2.vcproj", "{E1B86152-9069-4C18-977E-D52B72B0EF58}"
EndProject
Project("{77E8F2B7-6064-46B0-96D3-8BF67B51D42E}") = "teenagent", "teenagent.vcproj", "{60CC3233-2374-4108-9960-69011C9F31FE}"
EndProject
Project("{77E8F2B7-6064-46B0-96D3-8BF67B51D42E}") = "tinsel", "tinsel.vcproj", "{589251E9-FC8E-4214-8DD8-3F7F892FD8EA}"
EndProject
Project("{77E8F2B7-6064-46B0-96D3-8BF67B51D42E}") = "touche", "touche.vcproj", "{FB0B1E1F-80E0-4899-8291-9A5F31CC5E8A}"
EndProject
Project("{77E8F2B7-6064-46B0-96D3-8BF67B51D42E}") = "tucker", "tucker.vcproj", "{5FB0745D-3F76-414D-90B0-CDD9E0A6C5DC}"
EndProject
Global
	GlobalSection(SolutionConfigurationPlatforms) = preSolution
		Debug|Win32 = Debug|Win32
		Release|Win32 = Release|Win32
		Debug|x64 = Debug|x64
		Release|x64 = Release|x64
	EndGlobalSection
	GlobalSection(ProjectConfigurationPlatforms) = postSolution
		{8BFC605B-A837-4947-A98F-3DD569B1182B}.Debug|Win32.ActiveCfg = Debug|Win32
		{8BFC605B-A837-4947-A98F-3DD569B1182B}.Debug|Win32.Build.0 = Debug|Win32
		{8BFC605B-A837-4947-A98F-3DD569B1182B}.Release|Win32.ActiveCfg = Release|Win32
		{8BFC605B-A837-4947-A98F-3DD569B1182B}.Release|Win32.Build.0 = Release|Win32
		{8BFC605B-A837-4947-A98F-3DD569B1182B}.Debug|x64.ActiveCfg = Debug|x64
		{8BFC605B-A837-4947-A98F-3DD569B1182B}.Debug|x64.Build.0 = Debug|x64
		{8BFC605B-A837-4947-A98F-3DD569B1182B}.Release|x64.ActiveCfg = Release|x64
		{8BFC605B-A837-4947-A98F-3DD569B1182B}.Release|x64.Build.0 = Release|x64
		{8FC78A8F-0FE4-4661-9A5D-6A1143EB04CE}.Debug|Win32.ActiveCfg = Debug|Win32
		{8FC78A8F-0FE4-4661-9A5D-6A1143EB04CE}.Debug|Win32.Build.0 = Debug|Win32
		{8FC78A8F-0FE4-4661-9A5D-6A1143EB04CE}.Release|Win32.ActiveCfg = Release|Win32
		{8FC78A8F-0FE4-4661-9A5D-6A1143EB04CE}.Release|Win32.Build.0 = Release|Win32
		{8FC78A8F-0FE4-4661-9A5D-6A1143EB04CE}.Debug|x64.ActiveCfg = Debug|x64
		{8FC78A8F-0FE4-4661-9A5D-6A1143EB04CE}.Debug|x64.Build.0 = Debug|x64
		{8FC78A8F-0FE4-4661-9A5D-6A1143EB04CE}.Release|x64.ActiveCfg = Release|x64
		{8FC78A8F-0FE4-4661-9A5D-6A1143EB04CE}.Release|x64.Build.0 = Release|x64
		{E9642B92-9C74-4986-8418-5C6EC9749A5A}.Debug|Win32.ActiveCfg = Debug|Win32
		{E9642B92-9C74-4986-8418-5C6EC9749A5A}.Debug|Win32.Build.0 = Debug|Win32
		{E9642B92-9C74-4986-8418-5C6EC9749A5A}.Release|Win32.ActiveCfg = Release|Win32
		{E9642B92-9C74-4986-8418-5C6EC9749A5A}.Release|Win32.Build.0 = Release|Win32
		{E9642B92-9C74-4986-8418-5C6EC9749A5A}.Debug|x64.ActiveCfg = Debug|x64
		{E9642B92-9C74-4986-8418-5C6EC9749A5A}.Debug|x64.Build.0 = Debug|x64
		{E9642B92-9C74-4986-8418-5C6EC9749A5A}.Release|x64.ActiveCfg = Release|x64
		{E9642B92-9C74-4986-8418-5C6EC9749A5A}.Release|x64.Build.0 = Release|x64
		{3D25E94D-0B81-4EE6-9E1A-F72206FBF1F0}.Debug|Win32.ActiveCfg = Debug|Win32
		{3D25E94D-0B81-4EE6-9E1A-F72206FBF1F0}.Debug|Win32.Build.0 = Debug|Win32
		{3D25E94D-0B81-4EE6-9E1A-F72206FBF1F0}.Release|Win32.ActiveCfg = Release|Win32
		{3D25E94D-0B81-4EE6-9E1A-F72206FBF1F0}.Release|Win32.Build.0 = Release|Win32
		{3D25E94D-0B81-4EE6-9E1A-F72206FBF1F0}.Debug|x64.ActiveCfg = Debug|x64
		{3D25E94D-0B81-4EE6-9E1A-F72206FBF1F0}.Debug|x64.Build.0 = Debug|x64
		{3D25E94D-0B81-4EE6-9E1A-F72206FBF1F0}.Release|x64.ActiveCfg = Release|x64
		{3D25E94D-0B81-4EE6-9E1A-F72206FBF1F0}.Release|x64.Build.0 = Release|x64
		{611E84FD-925F-4497-B7E1-074257A19C95}.Debug|Win32.ActiveCfg = Debug|Win32
		{611E84FD-925F-4497-B7E1-074257A19C95}.Debug|Win32.Build.0 = Debug|Win32
		{611E84FD-925F-4497-B7E1-074257A19C95}.Release|Win32.ActiveCfg = Release|Win32
		{611E84FD-925F-4497-B7E1-074257A19C95}.Release|Win32.Build.0 = Release|Win32
		{611E84FD-925F-4497-B7E1-074257A19C95}.Debug|x64.ActiveCfg = Debug|x64
		{611E84FD-925F-4497-B7E1-074257A19C95}.Debug|x64.Build.0 = Debug|x64
		{611E84FD-925F-4497-B7E1-074257A19C95}.Release|x64.ActiveCfg = Release|x64
		{611E84FD-925F-4497-B7E1-074257A19C95}.Release|x64.Build.0 = Release|x64
		{C786E2D3-0892-4AE7-ACB2-0BB3AFFCA412}.Debug|Win32.ActiveCfg = Debug|Win32
		{C786E2D3-0892-4AE7-ACB2-0BB3AFFCA412}.Debug|Win32.Build.0 = Debug|Win32
		{C786E2D3-0892-4AE7-ACB2-0BB3AFFCA412}.Release|Win32.ActiveCfg = Release|Win32
		{C786E2D3-0892-4AE7-ACB2-0BB3AFFCA412}.Release|Win32.Build.0 = Release|Win32
		{C786E2D3-0892-4AE7-ACB2-0BB3AFFCA412}.Debug|x64.ActiveCfg = Debug|x64
		{C786E2D3-0892-4AE7-ACB2-0BB3AFFCA412}.Debug|x64.Build.0 = Debug|x64
		{C786E2D3-0892-4AE7-ACB2-0BB3AFFCA412}.Release|x64.ActiveCfg = Release|x64
		{C786E2D3-0892-4AE7-ACB2-0BB3AFFCA412}.Release|x64.Build.0 = Release|x64
		{1B2910AE-8895-4701-B84E-43CFF0DF65B9}.Debug|Win32.ActiveCfg = Debug|Win32
		{1B2910AE-8895-4701-B84E-43CFF0DF65B9}.Debug|Win32.Build.0 = Debug|Win32
		{1B2910AE-8895-4701-B84E-43CFF0DF65B9}.Release|Win32.ActiveCfg = Release|Win32
		{1B2910AE-8895-4701-B84E-43CFF0DF65B9}.Release|Win32.Build.0 = Release|Win32
		{1B2910AE-8895-4701-B84E-43CFF0DF65B9}.Debug|x64.ActiveCfg = Debug|x64
		{1B2910AE-8895-4701-B84E-43CFF0DF65B9}.Debug|x64.Build.0 = Debug|x64
		{1B2910AE-8895-4701-B84E-43CFF0DF65B9}.Release|x64.ActiveCfg = Release|x64
		{1B2910AE-8895-4701-B84E-43CFF0DF65B9}.Release|x64.Build.0 = Release|x64
		{67498D6F-DB48-4889-BB63-3DAC61E1BE7D}.Debug|Win32.ActiveCfg = Debug|Win32
		{67498D6F-DB48-4889-BB63-3DAC61E1BE7D}.Debug|Win32.Build.0 = Debug|Win32
		{67498D6F-DB48-4889-BB63-3DAC61E1BE7D}.Release|Win32.ActiveCfg = Release|Win32
		{67498D6F-DB48-4889-BB63-3DAC61E1BE7D}.Release|Win32.Build.0 = Release|Win32
		{67498D6F-DB48-4889-BB63-3DAC61E1BE7D}.Debug|x64.ActiveCfg = Debug|x64
		{67498D6F-DB48-4889-BB63-3DAC61E1BE7D}.Debug|x64.Build.0 = Debug|x64
		{67498D6F-DB48-4889-BB63-3DAC61E1BE7D}.Release|x64.ActiveCfg = Release|x64
		{67498D6F-DB48-4889-BB63-3DAC61E1BE7D}.Release|x64.Build.0 = Release|x64
		{0CCE2D95-6574-46DD-83D9-AEB4BA156E22}.Debug|Win32.ActiveCfg = Debug|Win32
		{0CCE2D95-6574-46DD-83D9-AEB4BA156E22}.Debug|Win32.Build.0 = Debug|Win32
		{0CCE2D95-6574-46DD-83D9-AEB4BA156E22}.Release|Win32.ActiveCfg = Release|Win32
		{0CCE2D95-6574-46DD-83D9-AEB4BA156E22}.Release|Win32.Build.0 = Release|Win32
		{0CCE2D95-6574-46DD-83D9-AEB4BA156E22}.Debug|x64.ActiveCfg = Debug|x64
		{0CCE2D95-6574-46DD-83D9-AEB4BA156E22}.Debug|x64.Build.0 = Debug|x64
		{0CCE2D95-6574-46DD-83D9-AEB4BA156E22}.Release|x64.ActiveCfg = Release|x64
		{0CCE2D95-6574-46DD-83D9-AEB4BA156E22}.Release|x64.Build.0 = Release|x64
		{5EFC923B-45EB-4442-8F02-EEB1E4AD2FF0}.Debug|Win32.ActiveCfg = Debug|Win32
		{5EFC923B-45EB-4442-8F02-EEB1E4AD2FF0}.Debug|Win32.Build.0 = Debug|Win32
		{5EFC923B-45EB-4442-8F02-EEB1E4AD2FF0}.Release|Win32.ActiveCfg = Release|Win32
		{5EFC923B-45EB-4442-8F02-EEB1E4AD2FF0}.Release|Win32.Build.0 = Release|Win32
		{5EFC923B-45EB-4442-8F02-EEB1E4AD2FF0}.Debug|x64.ActiveCfg = Debug|x64
		{5EFC923B-45EB-4442-8F02-EEB1E4AD2FF0}.Debug|x64.Build.0 = Debug|x64
		{5EFC923B-45EB-4442-8F02-EEB1E4AD2FF0}.Release|x64.ActiveCfg = Release|x64
		{5EFC923B-45EB-4442-8F02-EEB1E4AD2FF0}.Release|x64.Build.0 = Release|x64
		{7D5C87E3-D11E-4195-B871-4BB386BAD6E5}.Debug|Win32.ActiveCfg = Debug|Win32
		{7D5C87E3-D11E-4195-B871-4BB386BAD6E5}.Debug|Win32.Build.0 = Debug|Win32
		{7D5C87E3-D11E-4195-B871-4BB386BAD6E5}.Release|Win32.ActiveCfg = Release|Win32
		{7D5C87E3-D11E-4195-B871-4BB386BAD6E5}.Release|Win32.Build.0 = Release|Win32
		{7D5C87E3-D11E-4195-B871-4BB386BAD6E5}.Debug|x64.ActiveCfg = Debug|x64
		{7D5C87E3-D11E-4195-B871-4BB386BAD6E5}.Debug|x64.Build.0 = Debug|x64
		{7D5C87E3-D11E-4195-B871-4BB386BAD6E5}.Release|x64.ActiveCfg = Release|x64
		{7D5C87E3-D11E-4195-B871-4BB386BAD6E5}.Release|x64.Build.0 = Release|x64
		{B76A22FC-56E6-4FA6-A92F-58CFDC88C05B}.Debug|Win32.ActiveCfg = Debug|Win32
		{B76A22FC-56E6-4FA6-A92F-58CFDC88C05B}.Debug|Win32.Build.0 = Debug|Win32
		{B76A22FC-56E6-4FA6-A92F-58CFDC88C05B}.Release|Win32.ActiveCfg = Release|Win32
		{B76A22FC-56E6-4FA6-A92F-58CFDC88C05B}.Release|Win32.Build.0 = Release|Win32
		{B76A22FC-56E6-4FA6-A92F-58CFDC88C05B}.Debug|x64.ActiveCfg = Debug|x64
		{B76A22FC-56E6-4FA6-A92F-58CFDC88C05B}.Debug|x64.Build.0 = Debug|x64
		{B76A22FC-56E6-4FA6-A92F-58CFDC88C05B}.Release|x64.ActiveCfg = Release|x64
		{B76A22FC-56E6-4FA6-A92F-58CFDC88C05B}.Release|x64.Build.0 = Release|x64
		{E4493FB7-6701-4D60-B398-15F953ECE00C}.Debug|Win32.ActiveCfg = Debug|Win32
		{E4493FB7-6701-4D60-B398-15F953ECE00C}.Debug|Win32.Build.0 = Debug|Win32
		{E4493FB7-6701-4D60-B398-15F953ECE00C}.Release|Win32.ActiveCfg = Release|Win32
		{E4493FB7-6701-4D60-B398-15F953ECE00C}.Release|Win32.Build.0 = Release|Win32
		{E4493FB7-6701-4D60-B398-15F953ECE00C}.Debug|x64.ActiveCfg = Debug|x64
		{E4493FB7-6701-4D60-B398-15F953ECE00C}.Debug|x64.Build.0 = Debug|x64
		{E4493FB7-6701-4D60-B398-15F953ECE00C}.Release|x64.ActiveCfg = Release|x64
		{E4493FB7-6701-4D60-B398-15F953ECE00C}.Release|x64.Build.0 = Release|x64
		{570309AE-EA49-45D4-B9AD-A4563666B11C}.Debug|Win32.ActiveCfg = Debug|Win32
		{570309AE-EA49-45D4-B9AD-A4563666B11C}.Debug|Win32.Build.0 = Debug|Win32
		{570309AE-EA49-45D4-B9AD-A4563666B11C}.Release|Win32.ActiveCfg = Release|Win32
		{570309AE-EA49-45D4-B9AD-A4563666B11C}.Release|Win32.Build.0 = Release|Win32
		{570309AE-EA49-45D4-B9AD-A4563666B11C}.Debug|x64.ActiveCfg = Debug|x64
		{570309AE-EA49-45D4-B9AD-A4563666B11C}.Debug|x64.Build.0 = Debug|x64
		{570309AE-EA49-45D4-B9AD-A4563666B11C}.Release|x64.ActiveCfg = Release|x64
		{570309AE-EA49-45D4-B9AD-A4563666B11C}.Release|x64.Build.0 = Release|x64
		{AFF1D318-F322-4867-BB8E-62107B431CD3}.Debug|Win32.ActiveCfg = Debug|Win32
		{AFF1D318-F322-4867-BB8E-62107B431CD3}.Debug|Win32.Build.0 = Debug|Win32
		{AFF1D318-F322-4867-BB8E-62107B431CD3}.Release|Win32.ActiveCfg = Release|Win32
		{AFF1D318-F322-4867-BB8E-62107B431CD3}.Release|Win32.Build.0 = Release|Win32
		{AFF1D318-F322-4867-BB8E-62107B431CD3}.Debug|x64.ActiveCfg = Debug|x64
		{AFF1D318-F322-4867-BB8E-62107B431CD3}.Debug|x64.Build.0 = Debug|x64
		{AFF1D318-F322-4867-BB8E-62107B431CD3}.Release|x64.ActiveCfg = Release|x64
		{AFF1D318-F322-4867-BB8E-62107B431CD3}.Release|x64.Build.0 = Release|x64
		{C0DDAF5E-FE46-4A07-91F5-C50836E481F1}.Debug|Win32.ActiveCfg = Debug|Win32
		{C0DDAF5E-FE46-4A07-91F5-C50836E481F1}.Debug|Win32.Build.0 = Debug|Win32
		{C0DDAF5E-FE46-4A07-91F5-C50836E481F1}.Release|Win32.ActiveCfg = Release|Win32
		{C0DDAF5E-FE46-4A07-91F5-C50836E481F1}.Release|Win32.Build.0 = Release|Win32
		{C0DDAF5E-FE46-4A07-91F5-C50836E481F1}.Debug|x64.ActiveCfg = Debug|x64
		{C0DDAF5E-FE46-4A07-91F5-C50836E481F1}.Debug|x64.Build.0 = Debug|x64
		{C0DDAF5E-FE46-4A07-91F5-C50836E481F1}.Release|x64.ActiveCfg = Release|x64
		{C0DDAF5E-FE46-4A07-91F5-C50836E481F1}.Release|x64.Build.0 = Release|x64
		{B2E4FC33-C525-4C08-B768-68E835C67495}.Debug|Win32.ActiveCfg = Debug|Win32
		{B2E4FC33-C525-4C08-B768-68E835C67495}.Debug|Win32.Build.0 = Debug|Win32
		{B2E4FC33-C525-4C08-B768-68E835C67495}.Release|Win32.ActiveCfg = Release|Win32
		{B2E4FC33-C525-4C08-B768-68E835C67495}.Release|Win32.Build.0 = Release|Win32
		{B2E4FC33-C525-4C08-B768-68E835C67495}.Debug|x64.ActiveCfg = Debug|x64
		{B2E4FC33-C525-4C08-B768-68E835C67495}.Debug|x64.Build.0 = Debug|x64
		{B2E4FC33-C525-4C08-B768-68E835C67495}.Release|x64.ActiveCfg = Release|x64
		{B2E4FC33-C525-4C08-B768-68E835C67495}.Release|x64.Build.0 = Release|x64
		{47268232-70D7-47E9-86AC-41BD14F3DAC3}.Debug|Win32.ActiveCfg = Debug|Win32
		{47268232-70D7-47E9-86AC-41BD14F3DAC3}.Debug|Win32.Build.0 = Debug|Win32
		{47268232-70D7-47E9-86AC-41BD14F3DAC3}.Release|Win32.ActiveCfg = Release|Win32
		{47268232-70D7-47E9-86AC-41BD14F3DAC3}.Release|Win32.Build.0 = Release|Win32
		{47268232-70D7-47E9-86AC-41BD14F3DAC3}.Debug|x64.ActiveCfg = Debug|x64
		{47268232-70D7-47E9-86AC-41BD14F3DAC3}.Debug|x64.Build.0 = Debug|x64
		{47268232-70D7-47E9-86AC-41BD14F3DAC3}.Release|x64.ActiveCfg = Release|x64
		{47268232-70D7-47E9-86AC-41BD14F3DAC3}.Release|x64.Build.0 = Release|x64
		{E5AFDCD9-D155-418E-A4A3-9E61E7BA352F}.Debug|Win32.ActiveCfg = Debug|Win32
		{E5AFDCD9-D155-418E-A4A3-9E61E7BA352F}.Debug|Win32.Build.0 = Debug|Win32
		{E5AFDCD9-D155-418E-A4A3-9E61E7BA352F}.Release|Win32.ActiveCfg = Release|Win32
		{E5AFDCD9-D155-418E-A4A3-9E61E7BA352F}.Release|Win32.Build.0 = Release|Win32
		{E5AFDCD9-D155-418E-A4A3-9E61E7BA352F}.Debug|x64.ActiveCfg = Debug|x64
		{E5AFDCD9-D155-418E-A4A3-9E61E7BA352F}.Debug|x64.Build.0 = Debug|x64
		{E5AFDCD9-D155-418E-A4A3-9E61E7BA352F}.Release|x64.ActiveCfg = Release|x64
		{E5AFDCD9-D155-418E-A4A3-9E61E7BA352F}.Release|x64.Build.0 = Release|x64
		{E1B86152-9069-4C18-977E-D52B72B0EF58}.Debug|Win32.ActiveCfg = Debug|Win32
		{E1B86152-9069-4C18-977E-D52B72B0EF58}.Debug|Win32.Build.0 = Debug|Win32
		{E1B86152-9069-4C18-977E-D52B72B0EF58}.Release|Win32.ActiveCfg = Release|Win32
		{E1B86152-9069-4C18-977E-D52B72B0EF58}.Release|Win32.Build.0 = Release|Win32
		{E1B86152-9069-4C18-977E-D52B72B0EF58}.Debug|x64.ActiveCfg = Debug|x64
		{E1B86152-9069-4C18-977E-D52B72B0EF58}.Debug|x64.Build.0 = Debug|x64
		{E1B86152-9069-4C18-977E-D52B72B0EF58}.Release|x64.ActiveCfg = Release|x64
		{E1B86152-9069-4C18-977E-D52B72B0EF58}.Release|x64.Build.0 = Release|x64
		{60CC3233-2374-4108-9960-69011C9F31FE}.Debug|Win32.ActiveCfg = Debug|Win32
		{60CC3233-2374-4108-9960-69011C9F31FE}.Debug|Win32.Build.0 = Debug|Win32
		{60CC3233-2374-4108-9960-69011C9F31FE}.Release|Win32.ActiveCfg = Release|Win32
		{60CC3233-2374-4108-9960-69011C9F31FE}.Release|Win32.Build.0 = Release|Win32
		{60CC3233-2374-4108-9960-69011C9F31FE}.Debug|x64.ActiveCfg = Debug|x64
		{60CC3233-2374-4108-9960-69011C9F31FE}.Debug|x64.Build.0 = Debug|x64
		{60CC3233-2374-4108-9960-69011C9F31FE}.Release|x64.ActiveCfg = Release|x64
		{60CC3233-2374-4108-9960-69011C9F31FE}.Release|x64.Build.0 = Release|x64
		{589251E9-FC8E-4214-8DD8-3F7F892FD8EA}.Debug|Win32.ActiveCfg = Debug|Win32
		{589251E9-FC8E-4214-8DD8-3F7F892FD8EA}.Debug|Win32.Build.0 = Debug|Win32
		{589251E9-FC8E-4214-8DD8-3F7F892FD8EA}.Release|Win32.ActiveCfg = Release|Win32
		{589251E9-FC8E-4214-8DD8-3F7F892FD8EA}.Release|Win32.Build.0 = Release|Win32
		{589251E9-FC8E-4214-8DD8-3F7F892FD8EA}.Debug|x64.ActiveCfg = Debug|x64
		{589251E9-FC8E-4214-8DD8-3F7F892FD8EA}.Debug|x64.Build.0 = Debug|x64
		{589251E9-FC8E-4214-8DD8-3F7F892FD8EA}.Release|x64.ActiveCfg = Release|x64
		{589251E9-FC8E-4214-8DD8-3F7F892FD8EA}.Release|x64.Build.0 = Release|x64
		{FB0B1E1F-80E0-4899-8291-9A5F31CC5E8A}.Debug|Win32.ActiveCfg = Debug|Win32
		{FB0B1E1F-80E0-4899-8291-9A5F31CC5E8A}.Debug|Win32.Build.0 = Debug|Win32
		{FB0B1E1F-80E0-4899-8291-9A5F31CC5E8A}.Release|Win32.ActiveCfg = Release|Win32
		{FB0B1E1F-80E0-4899-8291-9A5F31CC5E8A}.Release|Win32.Build.0 = Release|Win32
		{FB0B1E1F-80E0-4899-8291-9A5F31CC5E8A}.Debug|x64.ActiveCfg = Debug|x64
		{FB0B1E1F-80E0-4899-8291-9A5F31CC5E8A}.Debug|x64.Build.0 = Debug|x64
		{FB0B1E1F-80E0-4899-8291-9A5F31CC5E8A}.Release|x64.ActiveCfg = Release|x64
		{FB0B1E1F-80E0-4899-8291-9A5F31CC5E8A}.Release|x64.Build.0 = Release|x64
		{5FB0745D-3F76-414D-90B0-CDD9E0A6C5DC}.Debug|Win32.ActiveCfg = Debug|Win32
		{5FB0745D-3F76-414D-90B0-CDD9E0A6C5DC}.Debug|Win32.Build.0 = Debug|Win32
		{5FB0745D-3F76-414D-90B0-CDD9E0A6C5DC}.Release|Win32.ActiveCfg = Release|Win32
		{5FB0745D-3F76-414D-90B0-CDD9E0A6C5DC}.Release|Win32.Build.0 = Release|Win32
		{5FB0745D-3F76-414D-90B0-CDD9E0A6C5DC}.Debug|x64.ActiveCfg = Debug|x64
		{5FB0745D-3F76-414D-90B0-CDD9E0A6C5DC}.Debug|x64.Build.0 = Debug|x64
		{5FB0745D-3F76-414D-90B0-CDD9E0A6C5DC}.Release|x64.ActiveCfg = Release|x64
		{5FB0745D-3F76-414D-90B0-CDD9E0A6C5DC}.Release|x64.Build.0 = Release|x64
	EndGlobalSection
	GlobalSection(SolutionProperties) = preSolution
		HideSolutionNode = FALSE
	EndGlobalSection
EndGlobal
