Microsoft Visual Studio Solution File, Format Version 9.00
# Visual Studio 2005
Project("{A2A01C3C-3EBE-4F67-807D-FAA242512B53}") = "scummvm", "scummvm.vcproj", "{101AE23B-72F0-4214-9286-037EFABDC303}"
	ProjectSection(ProjectDependencies) = postProject
		{3E984E6F-84FA-463E-A118-3C38050F1572} = {3E984E6F-84FA-463E-A118-3C38050F1572}
		{7C2DA6C9-97B2-433F-BE81-3A61750C62B3} = {7C2DA6C9-97B2-433F-BE81-3A61750C62B3}
		{A5B1242A-ACCA-490E-A3A6-47E9B55C5D32} = {A5B1242A-ACCA-490E-A3A6-47E9B55C5D32}
		{8904FC22-B610-4136-929B-9709A7F9BC4D} = {8904FC22-B610-4136-929B-9709A7F9BC4D}
		{ACE17859-ACE1-4891-89AF-7B3F0DD87297} = {ACE17859-ACE1-4891-89AF-7B3F0DD87297}
		{DC6FB994-801C-4B14-B763-1D605EDAAE0B} = {DC6FB994-801C-4B14-B763-1D605EDAAE0B}
		{BC286569-0ACE-4A94-BE77-D38C5047242D} = {BC286569-0ACE-4A94-BE77-D38C5047242D}
		{B7DEC238-FA8E-4DB3-B26A-155245C45D02} = {B7DEC238-FA8E-4DB3-B26A-155245C45D02}
		{ECC36CF7-9268-4C12-9F61-9E31A8C35E60} = {ECC36CF7-9268-4C12-9F61-9E31A8C35E60}
		{A222999E-B1E6-43A4-9268-F7972D559A1A} = {A222999E-B1E6-43A4-9268-F7972D559A1A}
		{1A0812AC-719F-4E52-815E-83A922E20AC5} = {1A0812AC-719F-4E52-815E-83A922E20AC5}
		{05A464B7-8BB7-4DDD-A155-764FAB1269C5} = {05A464B7-8BB7-4DDD-A155-764FAB1269C5}
		{1A7C728C-1C32-4E1D-9062-C7B246D2794B} = {1A7C728C-1C32-4E1D-9062-C7B246D2794B}
		{77DD0404-9661-42B8-B65A-08626C722987} = {77DD0404-9661-42B8-B65A-08626C722987}
		{EF9B140C-CDF3-4A5F-97F2-139DC58CE93E} = {EF9B140C-CDF3-4A5F-97F2-139DC58CE93E}
		{6AED4202-4F26-4A07-80C3-6AED36937526} = {6AED4202-4F26-4A07-80C3-6AED36937526}
		{308A33FE-7F5E-4ED6-9171-7418FE5E566A} = {308A33FE-7F5E-4ED6-9171-7418FE5E566A}
		{6D6C1733-4D6A-4B48-A6CB-6EFAE1F2D101} = {6D6C1733-4D6A-4B48-A6CB-6EFAE1F2D101}
		{4D996C9D-C028-4441-AC10-2F23A4A54AD4} = {4D996C9D-C028-4441-AC10-2F23A4A54AD4}
		{317DD4B0-DC33-472E-A5FC-47A55C9D10A9} = {317DD4B0-DC33-472E-A5FC-47A55C9D10A9}
		{387C47F8-A5EC-4B92-BC6B-B6A111017742} = {387C47F8-A5EC-4B92-BC6B-B6A111017742}
		{7F4CF25C-807B-4B26-B8D2-CBD571DC7FAA} = {7F4CF25C-807B-4B26-B8D2-CBD571DC7FAA}
		{59C6A400-B3DF-43B1-8B4A-535C4BCA9FCB} = {59C6A400-B3DF-43B1-8B4A-535C4BCA9FCB}
		{17932998-10B4-4E89-888B-5FFA69DEA5C2} = {17932998-10B4-4E89-888B-5FFA69DEA5C2}
		{A64AC35B-2B57-4D76-A160-D3ED2C73BA44} = {A64AC35B-2B57-4D76-A160-D3ED2C73BA44}
		{08E3DC18-999C-4122-A902-1E92E0C45687} = {08E3DC18-999C-4122-A902-1E92E0C45687}
	EndProjectSection
EndProject
Project("{A2A01C3C-3EBE-4F67-807D-FAA242512B53}") = "agi", "agi.vcproj", "{3E984E6F-84FA-463E-A118-3C38050F1572}"
EndProject
Project("{A2A01C3C-3EBE-4F67-807D-FAA242512B53}") = "agos", "agos.vcproj", "{7C2DA6C9-97B2-433F-BE81-3A61750C62B3}"
EndProject
Project("{A2A01C3C-3EBE-4F67-807D-FAA242512B53}") = "cine", "cine.vcproj", "{A5B1242A-ACCA-490E-A3A6-47E9B55C5D32}"
EndProject
Project("{A2A01C3C-3EBE-4F67-807D-FAA242512B53}") = "cruise", "cruise.vcproj", "{8904FC22-B610-4136-929B-9709A7F9BC4D}"
EndProject
Project("{A2A01C3C-3EBE-4F67-807D-FAA242512B53}") = "draci", "draci.vcproj", "{ACE17859-ACE1-4891-89AF-7B3F0DD87297}"
EndProject
Project("{A2A01C3C-3EBE-4F67-807D-FAA242512B53}") = "drascula", "drascula.vcproj", "{DC6FB994-801C-4B14-B763-1D605EDAAE0B}"
EndProject
Project("{A2A01C3C-3EBE-4F67-807D-FAA242512B53}") = "gob", "gob.vcproj", "{BC286569-0ACE-4A94-BE77-D38C5047242D}"
EndProject
Project("{A2A01C3C-3EBE-4F67-807D-FAA242512B53}") = "groovie", "groovie.vcproj", "{B7DEC238-FA8E-4DB3-B26A-155245C45D02}"
EndProject
Project("{A2A01C3C-3EBE-4F67-807D-FAA242512B53}") = "hugo", "hugo.vcproj", "{ECC36CF7-9268-4C12-9F61-9E31A8C35E60}"
EndProject
Project("{A2A01C3C-3EBE-4F67-807D-FAA242512B53}") = "kyra", "kyra.vcproj", "{A222999E-B1E6-43A4-9268-F7972D559A1A}"
EndProject
Project("{A2A01C3C-3EBE-4F67-807D-FAA242512B53}") = "lure", "lure.vcproj", "{1A0812AC-719F-4E52-815E-83A922E20AC5}"
EndProject
Project("{A2A01C3C-3EBE-4F67-807D-FAA242512B53}") = "made", "made.vcproj", "{05A464B7-8BB7-4DDD-A155-764FAB1269C5}"
EndProject
Project("{A2A01C3C-3EBE-4F67-807D-FAA242512B53}") = "mohawk", "mohawk.vcproj", "{1A7C728C-1C32-4E1D-9062-C7B246D2794B}"
EndProject
Project("{A2A01C3C-3EBE-4F67-807D-FAA242512B53}") = "parallaction", "parallaction.vcproj", "{77DD0404-9661-42B8-B65A-08626C722987}"
EndProject
Project("{A2A01C3C-3EBE-4F67-807D-FAA242512B53}") = "queen", "queen.vcproj", "{EF9B140C-CDF3-4A5F-97F2-139DC58CE93E}"
EndProject
Project("{A2A01C3C-3EBE-4F67-807D-FAA242512B53}") = "saga", "saga.vcproj", "{6AED4202-4F26-4A07-80C3-6AED36937526}"
EndProject
Project("{A2A01C3C-3EBE-4F67-807D-FAA242512B53}") = "sci", "sci.vcproj", "{308A33FE-7F5E-4ED6-9171-7418FE5E566A}"
EndProject
Project("{A2A01C3C-3EBE-4F67-807D-FAA242512B53}") = "scumm", "scumm.vcproj", "{6D6C1733-4D6A-4B48-A6CB-6EFAE1F2D101}"
EndProject
Project("{A2A01C3C-3EBE-4F67-807D-FAA242512B53}") = "sky", "sky.vcproj", "{4D996C9D-C028-4441-AC10-2F23A4A54AD4}"
EndProject
Project("{A2A01C3C-3EBE-4F67-807D-FAA242512B53}") = "sword1", "sword1.vcproj", "{317DD4B0-DC33-472E-A5FC-47A55C9D10A9}"
EndProject
Project("{A2A01C3C-3EBE-4F67-807D-FAA242512B53}") = "sword2", "sword2.vcproj", "{387C47F8-A5EC-4B92-BC6B-B6A111017742}"
EndProject
Project("{A2A01C3C-3EBE-4F67-807D-FAA242512B53}") = "teenagent", "teenagent.vcproj", "{7F4CF25C-807B-4B26-B8D2-CBD571DC7FAA}"
EndProject
Project("{A2A01C3C-3EBE-4F67-807D-FAA242512B53}") = "tinsel", "tinsel.vcproj", "{59C6A400-B3DF-43B1-8B4A-535C4BCA9FCB}"
EndProject
Project("{A2A01C3C-3EBE-4F67-807D-FAA242512B53}") = "toon", "toon.vcproj", "{17932998-10B4-4E89-888B-5FFA69DEA5C2}"
EndProject
Project("{A2A01C3C-3EBE-4F67-807D-FAA242512B53}") = "touche", "touche.vcproj", "{A64AC35B-2B57-4D76-A160-D3ED2C73BA44}"
EndProject
Project("{A2A01C3C-3EBE-4F67-807D-FAA242512B53}") = "tucker", "tucker.vcproj", "{08E3DC18-999C-4122-A902-1E92E0C45687}"
EndProject
Global
	GlobalSection(SolutionConfigurationPlatforms) = preSolution
		Debug|Win32 = Debug|Win32
		Analysis|Win32 = Analysis|Win32
		Release|Win32 = Release|Win32
		Debug|x64 = Debug|x64
		Analysis|x64 = Analysis|x64
		Release|x64 = Release|x64
	EndGlobalSection
	GlobalSection(ProjectConfigurationPlatforms) = postSolution
		{3E984E6F-84FA-463E-A118-3C38050F1572}.Debug|Win32.ActiveCfg = Debug|Win32
		{3E984E6F-84FA-463E-A118-3C38050F1572}.Debug|Win32.Build.0 = Debug|Win32
		{3E984E6F-84FA-463E-A118-3C38050F1572}.Analysis|Win32.ActiveCfg = Analysis|Win32
		{3E984E6F-84FA-463E-A118-3C38050F1572}.Analysis|Win32.Build.0 = Analysis|Win32
		{3E984E6F-84FA-463E-A118-3C38050F1572}.Release|Win32.ActiveCfg = Release|Win32
		{3E984E6F-84FA-463E-A118-3C38050F1572}.Release|Win32.Build.0 = Release|Win32
		{3E984E6F-84FA-463E-A118-3C38050F1572}.Debug|x64.ActiveCfg = Debug|x64
		{3E984E6F-84FA-463E-A118-3C38050F1572}.Debug|x64.Build.0 = Debug|x64
		{3E984E6F-84FA-463E-A118-3C38050F1572}.Analysis|x64.ActiveCfg = Analysis|x64
		{3E984E6F-84FA-463E-A118-3C38050F1572}.Analysis|x64.Build.0 = Analysis|x64
		{3E984E6F-84FA-463E-A118-3C38050F1572}.Release|x64.ActiveCfg = Release|x64
		{3E984E6F-84FA-463E-A118-3C38050F1572}.Release|x64.Build.0 = Release|x64
		{7C2DA6C9-97B2-433F-BE81-3A61750C62B3}.Debug|Win32.ActiveCfg = Debug|Win32
		{7C2DA6C9-97B2-433F-BE81-3A61750C62B3}.Debug|Win32.Build.0 = Debug|Win32
		{7C2DA6C9-97B2-433F-BE81-3A61750C62B3}.Analysis|Win32.ActiveCfg = Analysis|Win32
		{7C2DA6C9-97B2-433F-BE81-3A61750C62B3}.Analysis|Win32.Build.0 = Analysis|Win32
		{7C2DA6C9-97B2-433F-BE81-3A61750C62B3}.Release|Win32.ActiveCfg = Release|Win32
		{7C2DA6C9-97B2-433F-BE81-3A61750C62B3}.Release|Win32.Build.0 = Release|Win32
		{7C2DA6C9-97B2-433F-BE81-3A61750C62B3}.Debug|x64.ActiveCfg = Debug|x64
		{7C2DA6C9-97B2-433F-BE81-3A61750C62B3}.Debug|x64.Build.0 = Debug|x64
		{7C2DA6C9-97B2-433F-BE81-3A61750C62B3}.Analysis|x64.ActiveCfg = Analysis|x64
		{7C2DA6C9-97B2-433F-BE81-3A61750C62B3}.Analysis|x64.Build.0 = Analysis|x64
		{7C2DA6C9-97B2-433F-BE81-3A61750C62B3}.Release|x64.ActiveCfg = Release|x64
		{7C2DA6C9-97B2-433F-BE81-3A61750C62B3}.Release|x64.Build.0 = Release|x64
		{A5B1242A-ACCA-490E-A3A6-47E9B55C5D32}.Debug|Win32.ActiveCfg = Debug|Win32
		{A5B1242A-ACCA-490E-A3A6-47E9B55C5D32}.Debug|Win32.Build.0 = Debug|Win32
		{A5B1242A-ACCA-490E-A3A6-47E9B55C5D32}.Analysis|Win32.ActiveCfg = Analysis|Win32
		{A5B1242A-ACCA-490E-A3A6-47E9B55C5D32}.Analysis|Win32.Build.0 = Analysis|Win32
		{A5B1242A-ACCA-490E-A3A6-47E9B55C5D32}.Release|Win32.ActiveCfg = Release|Win32
		{A5B1242A-ACCA-490E-A3A6-47E9B55C5D32}.Release|Win32.Build.0 = Release|Win32
		{A5B1242A-ACCA-490E-A3A6-47E9B55C5D32}.Debug|x64.ActiveCfg = Debug|x64
		{A5B1242A-ACCA-490E-A3A6-47E9B55C5D32}.Debug|x64.Build.0 = Debug|x64
		{A5B1242A-ACCA-490E-A3A6-47E9B55C5D32}.Analysis|x64.ActiveCfg = Analysis|x64
		{A5B1242A-ACCA-490E-A3A6-47E9B55C5D32}.Analysis|x64.Build.0 = Analysis|x64
		{A5B1242A-ACCA-490E-A3A6-47E9B55C5D32}.Release|x64.ActiveCfg = Release|x64
		{A5B1242A-ACCA-490E-A3A6-47E9B55C5D32}.Release|x64.Build.0 = Release|x64
		{8904FC22-B610-4136-929B-9709A7F9BC4D}.Debug|Win32.ActiveCfg = Debug|Win32
		{8904FC22-B610-4136-929B-9709A7F9BC4D}.Debug|Win32.Build.0 = Debug|Win32
		{8904FC22-B610-4136-929B-9709A7F9BC4D}.Analysis|Win32.ActiveCfg = Analysis|Win32
		{8904FC22-B610-4136-929B-9709A7F9BC4D}.Analysis|Win32.Build.0 = Analysis|Win32
		{8904FC22-B610-4136-929B-9709A7F9BC4D}.Release|Win32.ActiveCfg = Release|Win32
		{8904FC22-B610-4136-929B-9709A7F9BC4D}.Release|Win32.Build.0 = Release|Win32
		{8904FC22-B610-4136-929B-9709A7F9BC4D}.Debug|x64.ActiveCfg = Debug|x64
		{8904FC22-B610-4136-929B-9709A7F9BC4D}.Debug|x64.Build.0 = Debug|x64
		{8904FC22-B610-4136-929B-9709A7F9BC4D}.Analysis|x64.ActiveCfg = Analysis|x64
		{8904FC22-B610-4136-929B-9709A7F9BC4D}.Analysis|x64.Build.0 = Analysis|x64
		{8904FC22-B610-4136-929B-9709A7F9BC4D}.Release|x64.ActiveCfg = Release|x64
		{8904FC22-B610-4136-929B-9709A7F9BC4D}.Release|x64.Build.0 = Release|x64
		{ACE17859-ACE1-4891-89AF-7B3F0DD87297}.Debug|Win32.ActiveCfg = Debug|Win32
		{ACE17859-ACE1-4891-89AF-7B3F0DD87297}.Debug|Win32.Build.0 = Debug|Win32
		{ACE17859-ACE1-4891-89AF-7B3F0DD87297}.Analysis|Win32.ActiveCfg = Analysis|Win32
		{ACE17859-ACE1-4891-89AF-7B3F0DD87297}.Analysis|Win32.Build.0 = Analysis|Win32
		{ACE17859-ACE1-4891-89AF-7B3F0DD87297}.Release|Win32.ActiveCfg = Release|Win32
		{ACE17859-ACE1-4891-89AF-7B3F0DD87297}.Release|Win32.Build.0 = Release|Win32
		{ACE17859-ACE1-4891-89AF-7B3F0DD87297}.Debug|x64.ActiveCfg = Debug|x64
		{ACE17859-ACE1-4891-89AF-7B3F0DD87297}.Debug|x64.Build.0 = Debug|x64
		{ACE17859-ACE1-4891-89AF-7B3F0DD87297}.Analysis|x64.ActiveCfg = Analysis|x64
		{ACE17859-ACE1-4891-89AF-7B3F0DD87297}.Analysis|x64.Build.0 = Analysis|x64
		{ACE17859-ACE1-4891-89AF-7B3F0DD87297}.Release|x64.ActiveCfg = Release|x64
		{ACE17859-ACE1-4891-89AF-7B3F0DD87297}.Release|x64.Build.0 = Release|x64
		{DC6FB994-801C-4B14-B763-1D605EDAAE0B}.Debug|Win32.ActiveCfg = Debug|Win32
		{DC6FB994-801C-4B14-B763-1D605EDAAE0B}.Debug|Win32.Build.0 = Debug|Win32
		{DC6FB994-801C-4B14-B763-1D605EDAAE0B}.Analysis|Win32.ActiveCfg = Analysis|Win32
		{DC6FB994-801C-4B14-B763-1D605EDAAE0B}.Analysis|Win32.Build.0 = Analysis|Win32
		{DC6FB994-801C-4B14-B763-1D605EDAAE0B}.Release|Win32.ActiveCfg = Release|Win32
		{DC6FB994-801C-4B14-B763-1D605EDAAE0B}.Release|Win32.Build.0 = Release|Win32
		{DC6FB994-801C-4B14-B763-1D605EDAAE0B}.Debug|x64.ActiveCfg = Debug|x64
		{DC6FB994-801C-4B14-B763-1D605EDAAE0B}.Debug|x64.Build.0 = Debug|x64
		{DC6FB994-801C-4B14-B763-1D605EDAAE0B}.Analysis|x64.ActiveCfg = Analysis|x64
		{DC6FB994-801C-4B14-B763-1D605EDAAE0B}.Analysis|x64.Build.0 = Analysis|x64
		{DC6FB994-801C-4B14-B763-1D605EDAAE0B}.Release|x64.ActiveCfg = Release|x64
		{DC6FB994-801C-4B14-B763-1D605EDAAE0B}.Release|x64.Build.0 = Release|x64
		{BC286569-0ACE-4A94-BE77-D38C5047242D}.Debug|Win32.ActiveCfg = Debug|Win32
		{BC286569-0ACE-4A94-BE77-D38C5047242D}.Debug|Win32.Build.0 = Debug|Win32
		{BC286569-0ACE-4A94-BE77-D38C5047242D}.Analysis|Win32.ActiveCfg = Analysis|Win32
		{BC286569-0ACE-4A94-BE77-D38C5047242D}.Analysis|Win32.Build.0 = Analysis|Win32
		{BC286569-0ACE-4A94-BE77-D38C5047242D}.Release|Win32.ActiveCfg = Release|Win32
		{BC286569-0ACE-4A94-BE77-D38C5047242D}.Release|Win32.Build.0 = Release|Win32
		{BC286569-0ACE-4A94-BE77-D38C5047242D}.Debug|x64.ActiveCfg = Debug|x64
		{BC286569-0ACE-4A94-BE77-D38C5047242D}.Debug|x64.Build.0 = Debug|x64
		{BC286569-0ACE-4A94-BE77-D38C5047242D}.Analysis|x64.ActiveCfg = Analysis|x64
		{BC286569-0ACE-4A94-BE77-D38C5047242D}.Analysis|x64.Build.0 = Analysis|x64
		{BC286569-0ACE-4A94-BE77-D38C5047242D}.Release|x64.ActiveCfg = Release|x64
		{BC286569-0ACE-4A94-BE77-D38C5047242D}.Release|x64.Build.0 = Release|x64
		{B7DEC238-FA8E-4DB3-B26A-155245C45D02}.Debug|Win32.ActiveCfg = Debug|Win32
		{B7DEC238-FA8E-4DB3-B26A-155245C45D02}.Debug|Win32.Build.0 = Debug|Win32
		{B7DEC238-FA8E-4DB3-B26A-155245C45D02}.Analysis|Win32.ActiveCfg = Analysis|Win32
		{B7DEC238-FA8E-4DB3-B26A-155245C45D02}.Analysis|Win32.Build.0 = Analysis|Win32
		{B7DEC238-FA8E-4DB3-B26A-155245C45D02}.Release|Win32.ActiveCfg = Release|Win32
		{B7DEC238-FA8E-4DB3-B26A-155245C45D02}.Release|Win32.Build.0 = Release|Win32
		{B7DEC238-FA8E-4DB3-B26A-155245C45D02}.Debug|x64.ActiveCfg = Debug|x64
		{B7DEC238-FA8E-4DB3-B26A-155245C45D02}.Debug|x64.Build.0 = Debug|x64
		{B7DEC238-FA8E-4DB3-B26A-155245C45D02}.Analysis|x64.ActiveCfg = Analysis|x64
		{B7DEC238-FA8E-4DB3-B26A-155245C45D02}.Analysis|x64.Build.0 = Analysis|x64
		{B7DEC238-FA8E-4DB3-B26A-155245C45D02}.Release|x64.ActiveCfg = Release|x64
		{B7DEC238-FA8E-4DB3-B26A-155245C45D02}.Release|x64.Build.0 = Release|x64
		{ECC36CF7-9268-4C12-9F61-9E31A8C35E60}.Debug|Win32.ActiveCfg = Debug|Win32
		{ECC36CF7-9268-4C12-9F61-9E31A8C35E60}.Debug|Win32.Build.0 = Debug|Win32
		{ECC36CF7-9268-4C12-9F61-9E31A8C35E60}.Analysis|Win32.ActiveCfg = Analysis|Win32
		{ECC36CF7-9268-4C12-9F61-9E31A8C35E60}.Analysis|Win32.Build.0 = Analysis|Win32
		{ECC36CF7-9268-4C12-9F61-9E31A8C35E60}.Release|Win32.ActiveCfg = Release|Win32
		{ECC36CF7-9268-4C12-9F61-9E31A8C35E60}.Release|Win32.Build.0 = Release|Win32
		{ECC36CF7-9268-4C12-9F61-9E31A8C35E60}.Debug|x64.ActiveCfg = Debug|x64
		{ECC36CF7-9268-4C12-9F61-9E31A8C35E60}.Debug|x64.Build.0 = Debug|x64
		{ECC36CF7-9268-4C12-9F61-9E31A8C35E60}.Analysis|x64.ActiveCfg = Analysis|x64
		{ECC36CF7-9268-4C12-9F61-9E31A8C35E60}.Analysis|x64.Build.0 = Analysis|x64
		{ECC36CF7-9268-4C12-9F61-9E31A8C35E60}.Release|x64.ActiveCfg = Release|x64
		{ECC36CF7-9268-4C12-9F61-9E31A8C35E60}.Release|x64.Build.0 = Release|x64
		{A222999E-B1E6-43A4-9268-F7972D559A1A}.Debug|Win32.ActiveCfg = Debug|Win32
		{A222999E-B1E6-43A4-9268-F7972D559A1A}.Debug|Win32.Build.0 = Debug|Win32
		{A222999E-B1E6-43A4-9268-F7972D559A1A}.Analysis|Win32.ActiveCfg = Analysis|Win32
		{A222999E-B1E6-43A4-9268-F7972D559A1A}.Analysis|Win32.Build.0 = Analysis|Win32
		{A222999E-B1E6-43A4-9268-F7972D559A1A}.Release|Win32.ActiveCfg = Release|Win32
		{A222999E-B1E6-43A4-9268-F7972D559A1A}.Release|Win32.Build.0 = Release|Win32
		{A222999E-B1E6-43A4-9268-F7972D559A1A}.Debug|x64.ActiveCfg = Debug|x64
		{A222999E-B1E6-43A4-9268-F7972D559A1A}.Debug|x64.Build.0 = Debug|x64
		{A222999E-B1E6-43A4-9268-F7972D559A1A}.Analysis|x64.ActiveCfg = Analysis|x64
		{A222999E-B1E6-43A4-9268-F7972D559A1A}.Analysis|x64.Build.0 = Analysis|x64
		{A222999E-B1E6-43A4-9268-F7972D559A1A}.Release|x64.ActiveCfg = Release|x64
		{A222999E-B1E6-43A4-9268-F7972D559A1A}.Release|x64.Build.0 = Release|x64
		{1A0812AC-719F-4E52-815E-83A922E20AC5}.Debug|Win32.ActiveCfg = Debug|Win32
		{1A0812AC-719F-4E52-815E-83A922E20AC5}.Debug|Win32.Build.0 = Debug|Win32
		{1A0812AC-719F-4E52-815E-83A922E20AC5}.Analysis|Win32.ActiveCfg = Analysis|Win32
		{1A0812AC-719F-4E52-815E-83A922E20AC5}.Analysis|Win32.Build.0 = Analysis|Win32
		{1A0812AC-719F-4E52-815E-83A922E20AC5}.Release|Win32.ActiveCfg = Release|Win32
		{1A0812AC-719F-4E52-815E-83A922E20AC5}.Release|Win32.Build.0 = Release|Win32
		{1A0812AC-719F-4E52-815E-83A922E20AC5}.Debug|x64.ActiveCfg = Debug|x64
		{1A0812AC-719F-4E52-815E-83A922E20AC5}.Debug|x64.Build.0 = Debug|x64
		{1A0812AC-719F-4E52-815E-83A922E20AC5}.Analysis|x64.ActiveCfg = Analysis|x64
		{1A0812AC-719F-4E52-815E-83A922E20AC5}.Analysis|x64.Build.0 = Analysis|x64
		{1A0812AC-719F-4E52-815E-83A922E20AC5}.Release|x64.ActiveCfg = Release|x64
		{1A0812AC-719F-4E52-815E-83A922E20AC5}.Release|x64.Build.0 = Release|x64
		{05A464B7-8BB7-4DDD-A155-764FAB1269C5}.Debug|Win32.ActiveCfg = Debug|Win32
		{05A464B7-8BB7-4DDD-A155-764FAB1269C5}.Debug|Win32.Build.0 = Debug|Win32
		{05A464B7-8BB7-4DDD-A155-764FAB1269C5}.Analysis|Win32.ActiveCfg = Analysis|Win32
		{05A464B7-8BB7-4DDD-A155-764FAB1269C5}.Analysis|Win32.Build.0 = Analysis|Win32
		{05A464B7-8BB7-4DDD-A155-764FAB1269C5}.Release|Win32.ActiveCfg = Release|Win32
		{05A464B7-8BB7-4DDD-A155-764FAB1269C5}.Release|Win32.Build.0 = Release|Win32
		{05A464B7-8BB7-4DDD-A155-764FAB1269C5}.Debug|x64.ActiveCfg = Debug|x64
		{05A464B7-8BB7-4DDD-A155-764FAB1269C5}.Debug|x64.Build.0 = Debug|x64
		{05A464B7-8BB7-4DDD-A155-764FAB1269C5}.Analysis|x64.ActiveCfg = Analysis|x64
		{05A464B7-8BB7-4DDD-A155-764FAB1269C5}.Analysis|x64.Build.0 = Analysis|x64
		{05A464B7-8BB7-4DDD-A155-764FAB1269C5}.Release|x64.ActiveCfg = Release|x64
		{05A464B7-8BB7-4DDD-A155-764FAB1269C5}.Release|x64.Build.0 = Release|x64
		{1A7C728C-1C32-4E1D-9062-C7B246D2794B}.Debug|Win32.ActiveCfg = Debug|Win32
		{1A7C728C-1C32-4E1D-9062-C7B246D2794B}.Debug|Win32.Build.0 = Debug|Win32
		{1A7C728C-1C32-4E1D-9062-C7B246D2794B}.Analysis|Win32.ActiveCfg = Analysis|Win32
		{1A7C728C-1C32-4E1D-9062-C7B246D2794B}.Analysis|Win32.Build.0 = Analysis|Win32
		{1A7C728C-1C32-4E1D-9062-C7B246D2794B}.Release|Win32.ActiveCfg = Release|Win32
		{1A7C728C-1C32-4E1D-9062-C7B246D2794B}.Release|Win32.Build.0 = Release|Win32
		{1A7C728C-1C32-4E1D-9062-C7B246D2794B}.Debug|x64.ActiveCfg = Debug|x64
		{1A7C728C-1C32-4E1D-9062-C7B246D2794B}.Debug|x64.Build.0 = Debug|x64
		{1A7C728C-1C32-4E1D-9062-C7B246D2794B}.Analysis|x64.ActiveCfg = Analysis|x64
		{1A7C728C-1C32-4E1D-9062-C7B246D2794B}.Analysis|x64.Build.0 = Analysis|x64
		{1A7C728C-1C32-4E1D-9062-C7B246D2794B}.Release|x64.ActiveCfg = Release|x64
		{1A7C728C-1C32-4E1D-9062-C7B246D2794B}.Release|x64.Build.0 = Release|x64
		{77DD0404-9661-42B8-B65A-08626C722987}.Debug|Win32.ActiveCfg = Debug|Win32
		{77DD0404-9661-42B8-B65A-08626C722987}.Debug|Win32.Build.0 = Debug|Win32
		{77DD0404-9661-42B8-B65A-08626C722987}.Analysis|Win32.ActiveCfg = Analysis|Win32
		{77DD0404-9661-42B8-B65A-08626C722987}.Analysis|Win32.Build.0 = Analysis|Win32
		{77DD0404-9661-42B8-B65A-08626C722987}.Release|Win32.ActiveCfg = Release|Win32
		{77DD0404-9661-42B8-B65A-08626C722987}.Release|Win32.Build.0 = Release|Win32
		{77DD0404-9661-42B8-B65A-08626C722987}.Debug|x64.ActiveCfg = Debug|x64
		{77DD0404-9661-42B8-B65A-08626C722987}.Debug|x64.Build.0 = Debug|x64
		{77DD0404-9661-42B8-B65A-08626C722987}.Analysis|x64.ActiveCfg = Analysis|x64
		{77DD0404-9661-42B8-B65A-08626C722987}.Analysis|x64.Build.0 = Analysis|x64
		{77DD0404-9661-42B8-B65A-08626C722987}.Release|x64.ActiveCfg = Release|x64
		{77DD0404-9661-42B8-B65A-08626C722987}.Release|x64.Build.0 = Release|x64
		{EF9B140C-CDF3-4A5F-97F2-139DC58CE93E}.Debug|Win32.ActiveCfg = Debug|Win32
		{EF9B140C-CDF3-4A5F-97F2-139DC58CE93E}.Debug|Win32.Build.0 = Debug|Win32
		{EF9B140C-CDF3-4A5F-97F2-139DC58CE93E}.Analysis|Win32.ActiveCfg = Analysis|Win32
		{EF9B140C-CDF3-4A5F-97F2-139DC58CE93E}.Analysis|Win32.Build.0 = Analysis|Win32
		{EF9B140C-CDF3-4A5F-97F2-139DC58CE93E}.Release|Win32.ActiveCfg = Release|Win32
		{EF9B140C-CDF3-4A5F-97F2-139DC58CE93E}.Release|Win32.Build.0 = Release|Win32
		{EF9B140C-CDF3-4A5F-97F2-139DC58CE93E}.Debug|x64.ActiveCfg = Debug|x64
		{EF9B140C-CDF3-4A5F-97F2-139DC58CE93E}.Debug|x64.Build.0 = Debug|x64
		{EF9B140C-CDF3-4A5F-97F2-139DC58CE93E}.Analysis|x64.ActiveCfg = Analysis|x64
		{EF9B140C-CDF3-4A5F-97F2-139DC58CE93E}.Analysis|x64.Build.0 = Analysis|x64
		{EF9B140C-CDF3-4A5F-97F2-139DC58CE93E}.Release|x64.ActiveCfg = Release|x64
		{EF9B140C-CDF3-4A5F-97F2-139DC58CE93E}.Release|x64.Build.0 = Release|x64
		{6AED4202-4F26-4A07-80C3-6AED36937526}.Debug|Win32.ActiveCfg = Debug|Win32
		{6AED4202-4F26-4A07-80C3-6AED36937526}.Debug|Win32.Build.0 = Debug|Win32
		{6AED4202-4F26-4A07-80C3-6AED36937526}.Analysis|Win32.ActiveCfg = Analysis|Win32
		{6AED4202-4F26-4A07-80C3-6AED36937526}.Analysis|Win32.Build.0 = Analysis|Win32
		{6AED4202-4F26-4A07-80C3-6AED36937526}.Release|Win32.ActiveCfg = Release|Win32
		{6AED4202-4F26-4A07-80C3-6AED36937526}.Release|Win32.Build.0 = Release|Win32
		{6AED4202-4F26-4A07-80C3-6AED36937526}.Debug|x64.ActiveCfg = Debug|x64
		{6AED4202-4F26-4A07-80C3-6AED36937526}.Debug|x64.Build.0 = Debug|x64
		{6AED4202-4F26-4A07-80C3-6AED36937526}.Analysis|x64.ActiveCfg = Analysis|x64
		{6AED4202-4F26-4A07-80C3-6AED36937526}.Analysis|x64.Build.0 = Analysis|x64
		{6AED4202-4F26-4A07-80C3-6AED36937526}.Release|x64.ActiveCfg = Release|x64
		{6AED4202-4F26-4A07-80C3-6AED36937526}.Release|x64.Build.0 = Release|x64
		{308A33FE-7F5E-4ED6-9171-7418FE5E566A}.Debug|Win32.ActiveCfg = Debug|Win32
		{308A33FE-7F5E-4ED6-9171-7418FE5E566A}.Debug|Win32.Build.0 = Debug|Win32
		{308A33FE-7F5E-4ED6-9171-7418FE5E566A}.Analysis|Win32.ActiveCfg = Analysis|Win32
		{308A33FE-7F5E-4ED6-9171-7418FE5E566A}.Analysis|Win32.Build.0 = Analysis|Win32
		{308A33FE-7F5E-4ED6-9171-7418FE5E566A}.Release|Win32.ActiveCfg = Release|Win32
		{308A33FE-7F5E-4ED6-9171-7418FE5E566A}.Release|Win32.Build.0 = Release|Win32
		{308A33FE-7F5E-4ED6-9171-7418FE5E566A}.Debug|x64.ActiveCfg = Debug|x64
		{308A33FE-7F5E-4ED6-9171-7418FE5E566A}.Debug|x64.Build.0 = Debug|x64
		{308A33FE-7F5E-4ED6-9171-7418FE5E566A}.Analysis|x64.ActiveCfg = Analysis|x64
		{308A33FE-7F5E-4ED6-9171-7418FE5E566A}.Analysis|x64.Build.0 = Analysis|x64
		{308A33FE-7F5E-4ED6-9171-7418FE5E566A}.Release|x64.ActiveCfg = Release|x64
		{308A33FE-7F5E-4ED6-9171-7418FE5E566A}.Release|x64.Build.0 = Release|x64
		{6D6C1733-4D6A-4B48-A6CB-6EFAE1F2D101}.Debug|Win32.ActiveCfg = Debug|Win32
		{6D6C1733-4D6A-4B48-A6CB-6EFAE1F2D101}.Debug|Win32.Build.0 = Debug|Win32
		{6D6C1733-4D6A-4B48-A6CB-6EFAE1F2D101}.Analysis|Win32.ActiveCfg = Analysis|Win32
		{6D6C1733-4D6A-4B48-A6CB-6EFAE1F2D101}.Analysis|Win32.Build.0 = Analysis|Win32
		{6D6C1733-4D6A-4B48-A6CB-6EFAE1F2D101}.Release|Win32.ActiveCfg = Release|Win32
		{6D6C1733-4D6A-4B48-A6CB-6EFAE1F2D101}.Release|Win32.Build.0 = Release|Win32
		{6D6C1733-4D6A-4B48-A6CB-6EFAE1F2D101}.Debug|x64.ActiveCfg = Debug|x64
		{6D6C1733-4D6A-4B48-A6CB-6EFAE1F2D101}.Debug|x64.Build.0 = Debug|x64
		{6D6C1733-4D6A-4B48-A6CB-6EFAE1F2D101}.Analysis|x64.ActiveCfg = Analysis|x64
		{6D6C1733-4D6A-4B48-A6CB-6EFAE1F2D101}.Analysis|x64.Build.0 = Analysis|x64
		{6D6C1733-4D6A-4B48-A6CB-6EFAE1F2D101}.Release|x64.ActiveCfg = Release|x64
		{6D6C1733-4D6A-4B48-A6CB-6EFAE1F2D101}.Release|x64.Build.0 = Release|x64
		{101AE23B-72F0-4214-9286-037EFABDC303}.Debug|Win32.ActiveCfg = Debug|Win32
		{101AE23B-72F0-4214-9286-037EFABDC303}.Debug|Win32.Build.0 = Debug|Win32
		{101AE23B-72F0-4214-9286-037EFABDC303}.Analysis|Win32.ActiveCfg = Analysis|Win32
		{101AE23B-72F0-4214-9286-037EFABDC303}.Analysis|Win32.Build.0 = Analysis|Win32
		{101AE23B-72F0-4214-9286-037EFABDC303}.Release|Win32.ActiveCfg = Release|Win32
		{101AE23B-72F0-4214-9286-037EFABDC303}.Release|Win32.Build.0 = Release|Win32
		{101AE23B-72F0-4214-9286-037EFABDC303}.Debug|x64.ActiveCfg = Debug|x64
		{101AE23B-72F0-4214-9286-037EFABDC303}.Debug|x64.Build.0 = Debug|x64
		{101AE23B-72F0-4214-9286-037EFABDC303}.Analysis|x64.ActiveCfg = Analysis|x64
		{101AE23B-72F0-4214-9286-037EFABDC303}.Analysis|x64.Build.0 = Analysis|x64
		{101AE23B-72F0-4214-9286-037EFABDC303}.Release|x64.ActiveCfg = Release|x64
		{101AE23B-72F0-4214-9286-037EFABDC303}.Release|x64.Build.0 = Release|x64
		{4D996C9D-C028-4441-AC10-2F23A4A54AD4}.Debug|Win32.ActiveCfg = Debug|Win32
		{4D996C9D-C028-4441-AC10-2F23A4A54AD4}.Debug|Win32.Build.0 = Debug|Win32
		{4D996C9D-C028-4441-AC10-2F23A4A54AD4}.Analysis|Win32.ActiveCfg = Analysis|Win32
		{4D996C9D-C028-4441-AC10-2F23A4A54AD4}.Analysis|Win32.Build.0 = Analysis|Win32
		{4D996C9D-C028-4441-AC10-2F23A4A54AD4}.Release|Win32.ActiveCfg = Release|Win32
		{4D996C9D-C028-4441-AC10-2F23A4A54AD4}.Release|Win32.Build.0 = Release|Win32
		{4D996C9D-C028-4441-AC10-2F23A4A54AD4}.Debug|x64.ActiveCfg = Debug|x64
		{4D996C9D-C028-4441-AC10-2F23A4A54AD4}.Debug|x64.Build.0 = Debug|x64
		{4D996C9D-C028-4441-AC10-2F23A4A54AD4}.Analysis|x64.ActiveCfg = Analysis|x64
		{4D996C9D-C028-4441-AC10-2F23A4A54AD4}.Analysis|x64.Build.0 = Analysis|x64
		{4D996C9D-C028-4441-AC10-2F23A4A54AD4}.Release|x64.ActiveCfg = Release|x64
		{4D996C9D-C028-4441-AC10-2F23A4A54AD4}.Release|x64.Build.0 = Release|x64
		{317DD4B0-DC33-472E-A5FC-47A55C9D10A9}.Debug|Win32.ActiveCfg = Debug|Win32
		{317DD4B0-DC33-472E-A5FC-47A55C9D10A9}.Debug|Win32.Build.0 = Debug|Win32
		{317DD4B0-DC33-472E-A5FC-47A55C9D10A9}.Analysis|Win32.ActiveCfg = Analysis|Win32
		{317DD4B0-DC33-472E-A5FC-47A55C9D10A9}.Analysis|Win32.Build.0 = Analysis|Win32
		{317DD4B0-DC33-472E-A5FC-47A55C9D10A9}.Release|Win32.ActiveCfg = Release|Win32
		{317DD4B0-DC33-472E-A5FC-47A55C9D10A9}.Release|Win32.Build.0 = Release|Win32
		{317DD4B0-DC33-472E-A5FC-47A55C9D10A9}.Debug|x64.ActiveCfg = Debug|x64
		{317DD4B0-DC33-472E-A5FC-47A55C9D10A9}.Debug|x64.Build.0 = Debug|x64
		{317DD4B0-DC33-472E-A5FC-47A55C9D10A9}.Analysis|x64.ActiveCfg = Analysis|x64
		{317DD4B0-DC33-472E-A5FC-47A55C9D10A9}.Analysis|x64.Build.0 = Analysis|x64
		{317DD4B0-DC33-472E-A5FC-47A55C9D10A9}.Release|x64.ActiveCfg = Release|x64
		{317DD4B0-DC33-472E-A5FC-47A55C9D10A9}.Release|x64.Build.0 = Release|x64
		{387C47F8-A5EC-4B92-BC6B-B6A111017742}.Debug|Win32.ActiveCfg = Debug|Win32
		{387C47F8-A5EC-4B92-BC6B-B6A111017742}.Debug|Win32.Build.0 = Debug|Win32
		{387C47F8-A5EC-4B92-BC6B-B6A111017742}.Analysis|Win32.ActiveCfg = Analysis|Win32
		{387C47F8-A5EC-4B92-BC6B-B6A111017742}.Analysis|Win32.Build.0 = Analysis|Win32
		{387C47F8-A5EC-4B92-BC6B-B6A111017742}.Release|Win32.ActiveCfg = Release|Win32
		{387C47F8-A5EC-4B92-BC6B-B6A111017742}.Release|Win32.Build.0 = Release|Win32
		{387C47F8-A5EC-4B92-BC6B-B6A111017742}.Debug|x64.ActiveCfg = Debug|x64
		{387C47F8-A5EC-4B92-BC6B-B6A111017742}.Debug|x64.Build.0 = Debug|x64
		{387C47F8-A5EC-4B92-BC6B-B6A111017742}.Analysis|x64.ActiveCfg = Analysis|x64
		{387C47F8-A5EC-4B92-BC6B-B6A111017742}.Analysis|x64.Build.0 = Analysis|x64
		{387C47F8-A5EC-4B92-BC6B-B6A111017742}.Release|x64.ActiveCfg = Release|x64
		{387C47F8-A5EC-4B92-BC6B-B6A111017742}.Release|x64.Build.0 = Release|x64
		{7F4CF25C-807B-4B26-B8D2-CBD571DC7FAA}.Debug|Win32.ActiveCfg = Debug|Win32
		{7F4CF25C-807B-4B26-B8D2-CBD571DC7FAA}.Debug|Win32.Build.0 = Debug|Win32
		{7F4CF25C-807B-4B26-B8D2-CBD571DC7FAA}.Analysis|Win32.ActiveCfg = Analysis|Win32
		{7F4CF25C-807B-4B26-B8D2-CBD571DC7FAA}.Analysis|Win32.Build.0 = Analysis|Win32
		{7F4CF25C-807B-4B26-B8D2-CBD571DC7FAA}.Release|Win32.ActiveCfg = Release|Win32
		{7F4CF25C-807B-4B26-B8D2-CBD571DC7FAA}.Release|Win32.Build.0 = Release|Win32
		{7F4CF25C-807B-4B26-B8D2-CBD571DC7FAA}.Debug|x64.ActiveCfg = Debug|x64
		{7F4CF25C-807B-4B26-B8D2-CBD571DC7FAA}.Debug|x64.Build.0 = Debug|x64
		{7F4CF25C-807B-4B26-B8D2-CBD571DC7FAA}.Analysis|x64.ActiveCfg = Analysis|x64
		{7F4CF25C-807B-4B26-B8D2-CBD571DC7FAA}.Analysis|x64.Build.0 = Analysis|x64
		{7F4CF25C-807B-4B26-B8D2-CBD571DC7FAA}.Release|x64.ActiveCfg = Release|x64
		{7F4CF25C-807B-4B26-B8D2-CBD571DC7FAA}.Release|x64.Build.0 = Release|x64
		{59C6A400-B3DF-43B1-8B4A-535C4BCA9FCB}.Debug|Win32.ActiveCfg = Debug|Win32
		{59C6A400-B3DF-43B1-8B4A-535C4BCA9FCB}.Debug|Win32.Build.0 = Debug|Win32
		{59C6A400-B3DF-43B1-8B4A-535C4BCA9FCB}.Analysis|Win32.ActiveCfg = Analysis|Win32
		{59C6A400-B3DF-43B1-8B4A-535C4BCA9FCB}.Analysis|Win32.Build.0 = Analysis|Win32
		{59C6A400-B3DF-43B1-8B4A-535C4BCA9FCB}.Release|Win32.ActiveCfg = Release|Win32
		{59C6A400-B3DF-43B1-8B4A-535C4BCA9FCB}.Release|Win32.Build.0 = Release|Win32
		{59C6A400-B3DF-43B1-8B4A-535C4BCA9FCB}.Debug|x64.ActiveCfg = Debug|x64
		{59C6A400-B3DF-43B1-8B4A-535C4BCA9FCB}.Debug|x64.Build.0 = Debug|x64
		{59C6A400-B3DF-43B1-8B4A-535C4BCA9FCB}.Analysis|x64.ActiveCfg = Analysis|x64
		{59C6A400-B3DF-43B1-8B4A-535C4BCA9FCB}.Analysis|x64.Build.0 = Analysis|x64
		{59C6A400-B3DF-43B1-8B4A-535C4BCA9FCB}.Release|x64.ActiveCfg = Release|x64
		{59C6A400-B3DF-43B1-8B4A-535C4BCA9FCB}.Release|x64.Build.0 = Release|x64
		{17932998-10B4-4E89-888B-5FFA69DEA5C2}.Debug|Win32.ActiveCfg = Debug|Win32
		{17932998-10B4-4E89-888B-5FFA69DEA5C2}.Debug|Win32.Build.0 = Debug|Win32
		{17932998-10B4-4E89-888B-5FFA69DEA5C2}.Analysis|Win32.ActiveCfg = Analysis|Win32
		{17932998-10B4-4E89-888B-5FFA69DEA5C2}.Analysis|Win32.Build.0 = Analysis|Win32
		{17932998-10B4-4E89-888B-5FFA69DEA5C2}.Release|Win32.ActiveCfg = Release|Win32
		{17932998-10B4-4E89-888B-5FFA69DEA5C2}.Release|Win32.Build.0 = Release|Win32
		{17932998-10B4-4E89-888B-5FFA69DEA5C2}.Debug|x64.ActiveCfg = Debug|x64
		{17932998-10B4-4E89-888B-5FFA69DEA5C2}.Debug|x64.Build.0 = Debug|x64
		{17932998-10B4-4E89-888B-5FFA69DEA5C2}.Analysis|x64.ActiveCfg = Analysis|x64
		{17932998-10B4-4E89-888B-5FFA69DEA5C2}.Analysis|x64.Build.0 = Analysis|x64
		{17932998-10B4-4E89-888B-5FFA69DEA5C2}.Release|x64.ActiveCfg = Release|x64
		{17932998-10B4-4E89-888B-5FFA69DEA5C2}.Release|x64.Build.0 = Release|x64
		{A64AC35B-2B57-4D76-A160-D3ED2C73BA44}.Debug|Win32.ActiveCfg = Debug|Win32
		{A64AC35B-2B57-4D76-A160-D3ED2C73BA44}.Debug|Win32.Build.0 = Debug|Win32
		{A64AC35B-2B57-4D76-A160-D3ED2C73BA44}.Analysis|Win32.ActiveCfg = Analysis|Win32
		{A64AC35B-2B57-4D76-A160-D3ED2C73BA44}.Analysis|Win32.Build.0 = Analysis|Win32
		{A64AC35B-2B57-4D76-A160-D3ED2C73BA44}.Release|Win32.ActiveCfg = Release|Win32
		{A64AC35B-2B57-4D76-A160-D3ED2C73BA44}.Release|Win32.Build.0 = Release|Win32
		{A64AC35B-2B57-4D76-A160-D3ED2C73BA44}.Debug|x64.ActiveCfg = Debug|x64
		{A64AC35B-2B57-4D76-A160-D3ED2C73BA44}.Debug|x64.Build.0 = Debug|x64
		{A64AC35B-2B57-4D76-A160-D3ED2C73BA44}.Analysis|x64.ActiveCfg = Analysis|x64
		{A64AC35B-2B57-4D76-A160-D3ED2C73BA44}.Analysis|x64.Build.0 = Analysis|x64
		{A64AC35B-2B57-4D76-A160-D3ED2C73BA44}.Release|x64.ActiveCfg = Release|x64
		{A64AC35B-2B57-4D76-A160-D3ED2C73BA44}.Release|x64.Build.0 = Release|x64
		{08E3DC18-999C-4122-A902-1E92E0C45687}.Debug|Win32.ActiveCfg = Debug|Win32
		{08E3DC18-999C-4122-A902-1E92E0C45687}.Debug|Win32.Build.0 = Debug|Win32
		{08E3DC18-999C-4122-A902-1E92E0C45687}.Analysis|Win32.ActiveCfg = Analysis|Win32
		{08E3DC18-999C-4122-A902-1E92E0C45687}.Analysis|Win32.Build.0 = Analysis|Win32
		{08E3DC18-999C-4122-A902-1E92E0C45687}.Release|Win32.ActiveCfg = Release|Win32
		{08E3DC18-999C-4122-A902-1E92E0C45687}.Release|Win32.Build.0 = Release|Win32
		{08E3DC18-999C-4122-A902-1E92E0C45687}.Debug|x64.ActiveCfg = Debug|x64
		{08E3DC18-999C-4122-A902-1E92E0C45687}.Debug|x64.Build.0 = Debug|x64
		{08E3DC18-999C-4122-A902-1E92E0C45687}.Analysis|x64.ActiveCfg = Analysis|x64
		{08E3DC18-999C-4122-A902-1E92E0C45687}.Analysis|x64.Build.0 = Analysis|x64
		{08E3DC18-999C-4122-A902-1E92E0C45687}.Release|x64.ActiveCfg = Release|x64
		{08E3DC18-999C-4122-A902-1E92E0C45687}.Release|x64.Build.0 = Release|x64
	EndGlobalSection
	GlobalSection(SolutionProperties) = preSolution
		HideSolutionNode = FALSE
	EndGlobalSection
EndGlobal
