<?xml version="1.0" encoding="utf-8"?>
<Project ToolsVersion="12.0" xmlns="http://schemas.microsoft.com/developer/msbuild/2003">
	<ItemGroup>
		<Filter Include="clipper">
			<UniqueIdentifier>9D3EAD80-E68C-4EBF-8178-1BF32800EF9C</UniqueIdentifier>
		</Filter>
		<Filter Include="squirrel">
			<UniqueIdentifier>3EFAD148-DAB8-4270-A100-86DC3A241D6D</UniqueIdentifier>
		</Filter>
	</ItemGroup>
	<ItemGroup>
		<ClCompile Include="..\..\engines\twp\clipper\clipper.cpp">
			<Filter>clipper</Filter>
		</ClCompile>
		<ClCompile Include="..\..\engines\twp\squirrel\sqapi.cpp">
			<Filter>squirrel</Filter>
		</ClCompile>
		<ClCompile Include="..\..\engines\twp\squirrel\sqbaselib.cpp">
			<Filter>squirrel</Filter>
		</ClCompile>
		<ClCompile Include="..\..\engines\twp\squirrel\sqclass.cpp">
			<Filter>squirrel</Filter>
		</ClCompile>
		<ClCompile Include="..\..\engines\twp\squirrel\sqcompiler.cpp">
			<Filter>squirrel</Filter>
		</ClCompile>
		<ClCompile Include="..\..\engines\twp\squirrel\sqdebug.cpp">
			<Filter>squirrel</Filter>
		</ClCompile>
		<ClCompile Include="..\..\engines\twp\squirrel\sqfuncstate.cpp">
			<Filter>squirrel</Filter>
		</ClCompile>
		<ClCompile Include="..\..\engines\twp\squirrel\sqlexer.cpp">
			<Filter>squirrel</Filter>
		</ClCompile>
		<ClCompile Include="..\..\engines\twp\squirrel\sqmem.cpp">
			<Filter>squirrel</Filter>
		</ClCompile>
		<ClCompile Include="..\..\engines\twp\squirrel\sqobject.cpp">
			<Filter>squirrel</Filter>
		</ClCompile>
		<ClCompile Include="..\..\engines\twp\squirrel\sqstate.cpp">
			<Filter>squirrel</Filter>
		</ClCompile>
		<ClCompile Include="..\..\engines\twp\squirrel\sqstdaux.cpp">
			<Filter>squirrel</Filter>
		</ClCompile>
		<ClCompile Include="..\..\engines\twp\squirrel\sqstdmath.cpp">
			<Filter>squirrel</Filter>
		</ClCompile>
		<ClCompile Include="..\..\engines\twp\squirrel\sqstdrex.cpp">
			<Filter>squirrel</Filter>
		</ClCompile>
		<ClCompile Include="..\..\engines\twp\squirrel\sqstdstring.cpp">
			<Filter>squirrel</Filter>
		</ClCompile>
		<ClCompile Include="..\..\engines\twp\squirrel\sqtable.cpp">
			<Filter>squirrel</Filter>
		</ClCompile>
		<ClCompile Include="..\..\engines\twp\squirrel\sqvm.cpp">
			<Filter>squirrel</Filter>
		</ClCompile>
		<ClCompile Include="..\..\engines\twp\actorlib.cpp" />
		<ClCompile Include="..\..\engines\twp\actorswitcher.cpp" />
		<ClCompile Include="..\..\engines\twp\audio.cpp" />
		<ClCompile Include="..\..\engines\twp\callback.cpp" />
		<ClCompile Include="..\..\engines\twp\camera.cpp" />
		<ClCompile Include="..\..\engines\twp\console.cpp" />
		<ClCompile Include="..\..\engines\twp\debugtools.cpp" />
		<ClCompile Include="..\..\engines\twp\dialog.cpp" />
		<ClCompile Include="..\..\engines\twp\dialogs.cpp" />
		<ClCompile Include="..\..\engines\twp\easing.cpp" />
		<ClCompile Include="..\..\engines\twp\enginedialogtarget.cpp" />
		<ClCompile Include="..\..\engines\twp\font.cpp" />
		<ClCompile Include="..\..\engines\twp\genlib.cpp" />
		<ClCompile Include="..\..\engines\twp\gfx.cpp" />
		<ClCompile Include="..\..\engines\twp\ggpack.cpp" />
		<ClCompile Include="..\..\engines\twp\graph.cpp" />
		<ClCompile Include="..\..\engines\twp\hud.cpp" />
		<ClCompile Include="..\..\engines\twp\lighting.cpp" />
		<ClCompile Include="..\..\engines\twp\lip.cpp" />
		<ClCompile Include="..\..\engines\twp\metaengine.cpp" />
		<ClCompile Include="..\..\engines\twp\motor.cpp" />
		<ClCompile Include="..\..\engines\twp\object.cpp" />
		<ClCompile Include="..\..\engines\twp\objlib.cpp" />
		<ClCompile Include="..\..\engines\twp\rectf.cpp" />
		<ClCompile Include="..\..\engines\twp\resmanager.cpp" />
		<ClCompile Include="..\..\engines\twp\room.cpp" />
		<ClCompile Include="..\..\engines\twp\roomlib.cpp" />
		<ClCompile Include="..\..\engines\twp\savegame.cpp" />
		<ClCompile Include="..\..\engines\twp\scenegraph.cpp" />
		<ClCompile Include="..\..\engines\twp\shaders.cpp" />
		<ClCompile Include="..\..\engines\twp\soundlib.cpp" />
		<ClCompile Include="..\..\engines\twp\spritesheet.cpp" />
		<ClCompile Include="..\..\engines\twp\sqgame.cpp" />
		<ClCompile Include="..\..\engines\twp\squtil.cpp" />
		<ClCompile Include="..\..\engines\twp\syslib.cpp" />
		<ClCompile Include="..\..\engines\twp\thread.cpp" />
		<ClCompile Include="..\..\engines\twp\time.cpp" />
		<ClCompile Include="..\..\engines\twp\tsv.cpp" />
		<ClCompile Include="..\..\engines\twp\twp.cpp" />
		<ClCompile Include="..\..\engines\twp\util.cpp" />
		<ClCompile Include="..\..\engines\twp\vm.cpp" />
		<ClCompile Include="..\..\engines\twp\walkboxnode.cpp" />
		<ClCompile Include="..\..\engines\twp\yack.cpp" />
	</ItemGroup>
	<ItemGroup>
		<ClInclude Include="..\..\engines\twp\squirrel\sqarray.h">
			<Filter>squirrel</Filter>
		</ClInclude>
		<ClInclude Include="..\..\engines\twp\squirrel\sqclass.h">
			<Filter>squirrel</Filter>
		</ClInclude>
		<ClInclude Include="..\..\engines\twp\squirrel\sqclosure.h">
			<Filter>squirrel</Filter>
		</ClInclude>
		<ClInclude Include="..\..\engines\twp\squirrel\sqcompiler.h">
			<Filter>squirrel</Filter>
		</ClInclude>
		<ClInclude Include="..\..\engines\twp\squirrel\sqconfig.h">
			<Filter>squirrel</Filter>
		</ClInclude>
		<ClInclude Include="..\..\engines\twp\squirrel\sqfuncproto.h">
			<Filter>squirrel</Filter>
		</ClInclude>
		<ClInclude Include="..\..\engines\twp\squirrel\sqfuncstate.h">
			<Filter>squirrel</Filter>
		</ClInclude>
		<ClInclude Include="..\..\engines\twp\squirrel\sqlexer.h">
			<Filter>squirrel</Filter>
		</ClInclude>
		<ClInclude Include="..\..\engines\twp\squirrel\sqobject.h">
			<Filter>squirrel</Filter>
		</ClInclude>
		<ClInclude Include="..\..\engines\twp\squirrel\sqopcodes.h">
			<Filter>squirrel</Filter>
		</ClInclude>
		<ClInclude Include="..\..\engines\twp\squirrel\sqpcheader.h">
			<Filter>squirrel</Filter>
		</ClInclude>
		<ClInclude Include="..\..\engines\twp\squirrel\sqstate.h">
			<Filter>squirrel</Filter>
		</ClInclude>
		<ClInclude Include="..\..\engines\twp\squirrel\sqstdaux.h">
			<Filter>squirrel</Filter>
		</ClInclude>
		<ClInclude Include="..\..\engines\twp\squirrel\sqstdmath.h">
			<Filter>squirrel</Filter>
		</ClInclude>
		<ClInclude Include="..\..\engines\twp\squirrel\sqstdstring.h">
			<Filter>squirrel</Filter>
		</ClInclude>
		<ClInclude Include="..\..\engines\twp\squirrel\sqstring.h">
			<Filter>squirrel</Filter>
		</ClInclude>
		<ClInclude Include="..\..\engines\twp\squirrel\sqtable.h">
			<Filter>squirrel</Filter>
		</ClInclude>
		<ClInclude Include="..\..\engines\twp\squirrel\squirrel.h">
			<Filter>squirrel</Filter>
		</ClInclude>
		<ClInclude Include="..\..\engines\twp\squirrel\squserdata.h">
			<Filter>squirrel</Filter>
		</ClInclude>
		<ClInclude Include="..\..\engines\twp\squirrel\squtils.h">
			<Filter>squirrel</Filter>
		</ClInclude>
		<ClInclude Include="..\..\engines\twp\squirrel\sqvm.h">
			<Filter>squirrel</Filter>
		</ClInclude>
		<ClInclude Include="..\..\engines\twp\achievements_tables.h" />
		<ClInclude Include="..\..\engines\twp\actions.h" />
		<ClInclude Include="..\..\engines\twp\actorswitcher.h" />
		<ClInclude Include="..\..\engines\twp\audio.h" />
		<ClInclude Include="..\..\engines\twp\callback.h" />
		<ClInclude Include="..\..\engines\twp\camera.h" />
		<ClInclude Include="..\..\engines\twp\console.h" />
		<ClInclude Include="..\..\engines\twp\debugtools.h" />
		<ClInclude Include="..\..\engines\twp\detection.h" />
		<ClInclude Include="..\..\engines\twp\detection_tables.h" />
		<ClInclude Include="..\..\engines\twp\dialog.h" />
		<ClInclude Include="..\..\engines\twp\dialogs.h" />
		<ClInclude Include="..\..\engines\twp\easing.h" />
		<ClInclude Include="..\..\engines\twp\enginedialogtarget.h" />
		<ClInclude Include="..\..\engines\twp\font.h" />
		<ClInclude Include="..\..\engines\twp\gfx.h" />
		<ClInclude Include="..\..\engines\twp\ggpack.h" />
		<ClInclude Include="..\..\engines\twp\graph.h" />
		<ClInclude Include="..\..\engines\twp\hud.h" />
		<ClInclude Include="..\..\engines\twp\ids.h" />
		<ClInclude Include="..\..\engines\twp\lighting.h" />
		<ClInclude Include="..\..\engines\twp\lip.h" />
		<ClInclude Include="..\..\engines\twp\metaengine.h" />
		<ClInclude Include="..\..\engines\twp\motor.h" />
		<ClInclude Include="..\..\engines\twp\object.h" />
		<ClInclude Include="..\..\engines\twp\objectanimation.h" />
		<ClInclude Include="..\..\engines\twp\rectf.h" />
		<ClInclude Include="..\..\engines\twp\resmanager.h" />
		<ClInclude Include="..\..\engines\twp\room.h" />
		<ClInclude Include="..\..\engines\twp\savegame.h" />
		<ClInclude Include="..\..\engines\twp\scenegraph.h" />
		<ClInclude Include="..\..\engines\twp\shaders.h" />
		<ClInclude Include="..\..\engines\twp\spritesheet.h" />
		<ClInclude Include="..\..\engines\twp\sqgame.h" />
		<ClInclude Include="..\..\engines\twp\squtil.h" />
		<ClInclude Include="..\..\engines\twp\task.h" />
		<ClInclude Include="..\..\engines\twp\thread.h" />
		<ClInclude Include="..\..\engines\twp\time.h" />
		<ClInclude Include="..\..\engines\twp\tsv.h" />
		<ClInclude Include="..\..\engines\twp\twp.h" />
		<ClInclude Include="..\..\engines\twp\util.h" />
		<ClInclude Include="..\..\engines\twp\vm.h" />
		<ClInclude Include="..\..\engines\twp\walkboxnode.h" />
		<ClInclude Include="..\..\engines\twp\yack.h" />
	</ItemGroup>
	<ItemGroup>
		<None Include="..\..\engines\twp\module.mk" />
	</ItemGroup>
</Project>